// !$*UTF8*$!
{
	archiveVersion = 1;
	classes = {
	};
	objectVersion = 55;
	objects = {

/* Begin PBXBuildFile section */
		8D4E822A28D5AB0900DD414D /* QuestData.swift in Sources */ = {isa = PBXBuildFile; fileRef = 8D4E822928D5AB0900DD414D /* QuestData.swift */; };
		8D8BE86B28D21C8400CB6BB6 /* KeywordCell.swift in Sources */ = {isa = PBXBuildFile; fileRef = 8D8BE86A28D21C8400CB6BB6 /* KeywordCell.swift */; };
		8D8DCA5828D1CE0B000A0A77 /* AppDelegate.swift in Sources */ = {isa = PBXBuildFile; fileRef = 8D8DCA5728D1CE0B000A0A77 /* AppDelegate.swift */; };
		8D8DCA5A28D1CE0B000A0A77 /* SceneDelegate.swift in Sources */ = {isa = PBXBuildFile; fileRef = 8D8DCA5928D1CE0B000A0A77 /* SceneDelegate.swift */; };
		8D8DCA5C28D1CE0B000A0A77 /* ViewController.swift in Sources */ = {isa = PBXBuildFile; fileRef = 8D8DCA5B28D1CE0B000A0A77 /* ViewController.swift */; };
		8D8DCA5F28D1CE0B000A0A77 /* Main.storyboard in Resources */ = {isa = PBXBuildFile; fileRef = 8D8DCA5D28D1CE0B000A0A77 /* Main.storyboard */; };
		8D8DCA6128D1CE0C000A0A77 /* Assets.xcassets in Resources */ = {isa = PBXBuildFile; fileRef = 8D8DCA6028D1CE0C000A0A77 /* Assets.xcassets */; };
		8D8DCA6428D1CE0C000A0A77 /* LaunchScreen.storyboard in Resources */ = {isa = PBXBuildFile; fileRef = 8D8DCA6228D1CE0C000A0A77 /* LaunchScreen.storyboard */; };
		8D8DCA6F28D1CE0C000A0A77 /* SearchViewTests.swift in Sources */ = {isa = PBXBuildFile; fileRef = 8D8DCA6E28D1CE0C000A0A77 /* SearchViewTests.swift */; };
		8D8DCA7928D1CE0C000A0A77 /* SearchViewUITests.swift in Sources */ = {isa = PBXBuildFile; fileRef = 8D8DCA7828D1CE0C000A0A77 /* SearchViewUITests.swift */; };
		8D8DCA7B28D1CE0C000A0A77 /* SearchViewUITestsLaunchTests.swift in Sources */ = {isa = PBXBuildFile; fileRef = 8D8DCA7A28D1CE0C000A0A77 /* SearchViewUITestsLaunchTests.swift */; };
		8DBF7A3D28D2050600CEF2B4 /* NanumGothicBold.otf in Resources */ = {isa = PBXBuildFile; fileRef = 8DBF7A3B28D2050600CEF2B4 /* NanumGothicBold.otf */; };
		8DBF7A3E28D2050600CEF2B4 /* NanumGothic.otf in Resources */ = {isa = PBXBuildFile; fileRef = 8DBF7A3C28D2050600CEF2B4 /* NanumGothic.otf */; };
/* End PBXBuildFile section */

/* Begin PBXContainerItemProxy section */
		8D8DCA6B28D1CE0C000A0A77 /* PBXContainerItemProxy */ = {
			isa = PBXContainerItemProxy;
			containerPortal = 8D8DCA4C28D1CE0B000A0A77 /* Project object */;
			proxyType = 1;
			remoteGlobalIDString = 8D8DCA5328D1CE0B000A0A77;
			remoteInfo = SearchView;
		};
		8D8DCA7528D1CE0C000A0A77 /* PBXContainerItemProxy */ = {
			isa = PBXContainerItemProxy;
			containerPortal = 8D8DCA4C28D1CE0B000A0A77 /* Project object */;
			proxyType = 1;
			remoteGlobalIDString = 8D8DCA5328D1CE0B000A0A77;
			remoteInfo = SearchView;
		};
/* End PBXContainerItemProxy section */

/* Begin PBXFileReference section */
		8D4E822928D5AB0900DD414D /* QuestData.swift */ = {isa = PBXFileReference; lastKnownFileType = sourcecode.swift; name = QuestData.swift; path = ../../../EcoFit/EcoFit/QuestData.swift; sourceTree = "<group>"; };
		8D8BE86A28D21C8400CB6BB6 /* KeywordCell.swift */ = {isa = PBXFileReference; lastKnownFileType = sourcecode.swift; path = KeywordCell.swift; sourceTree = "<group>"; };
		8D8DCA5428D1CE0B000A0A77 /* SearchView.app */ = {isa = PBXFileReference; explicitFileType = wrapper.application; includeInIndex = 0; path = SearchView.app; sourceTree = BUILT_PRODUCTS_DIR; };
		8D8DCA5728D1CE0B000A0A77 /* AppDelegate.swift */ = {isa = PBXFileReference; lastKnownFileType = sourcecode.swift; path = AppDelegate.swift; sourceTree = "<group>"; };
		8D8DCA5928D1CE0B000A0A77 /* SceneDelegate.swift */ = {isa = PBXFileReference; lastKnownFileType = sourcecode.swift; path = SceneDelegate.swift; sourceTree = "<group>"; };
		8D8DCA5B28D1CE0B000A0A77 /* ViewController.swift */ = {isa = PBXFileReference; lastKnownFileType = sourcecode.swift; path = ViewController.swift; sourceTree = "<group>"; };
		8D8DCA5E28D1CE0B000A0A77 /* Base */ = {isa = PBXFileReference; lastKnownFileType = file.storyboard; name = Base; path = Base.lproj/Main.storyboard; sourceTree = "<group>"; };
		8D8DCA6028D1CE0C000A0A77 /* Assets.xcassets */ = {isa = PBXFileReference; lastKnownFileType = folder.assetcatalog; path = Assets.xcassets; sourceTree = "<group>"; };
		8D8DCA6328D1CE0C000A0A77 /* Base */ = {isa = PBXFileReference; lastKnownFileType = file.storyboard; name = Base; path = Base.lproj/LaunchScreen.storyboard; sourceTree = "<group>"; };
		8D8DCA6528D1CE0C000A0A77 /* Info.plist */ = {isa = PBXFileReference; lastKnownFileType = text.plist.xml; path = Info.plist; sourceTree = "<group>"; };
		8D8DCA6A28D1CE0C000A0A77 /* SearchViewTests.xctest */ = {isa = PBXFileReference; explicitFileType = wrapper.cfbundle; includeInIndex = 0; path = SearchViewTests.xctest; sourceTree = BUILT_PRODUCTS_DIR; };
		8D8DCA6E28D1CE0C000A0A77 /* SearchViewTests.swift */ = {isa = PBXFileReference; lastKnownFileType = sourcecode.swift; path = SearchViewTests.swift; sourceTree = "<group>"; };
		8D8DCA7428D1CE0C000A0A77 /* SearchViewUITests.xctest */ = {isa = PBXFileReference; explicitFileType = wrapper.cfbundle; includeInIndex = 0; path = SearchViewUITests.xctest; sourceTree = BUILT_PRODUCTS_DIR; };
		8D8DCA7828D1CE0C000A0A77 /* SearchViewUITests.swift */ = {isa = PBXFileReference; lastKnownFileType = sourcecode.swift; path = SearchViewUITests.swift; sourceTree = "<group>"; };
		8D8DCA7A28D1CE0C000A0A77 /* SearchViewUITestsLaunchTests.swift */ = {isa = PBXFileReference; lastKnownFileType = sourcecode.swift; path = SearchViewUITestsLaunchTests.swift; sourceTree = "<group>"; };
		8DBF7A3B28D2050600CEF2B4 /* NanumGothicBold.otf */ = {isa = PBXFileReference; lastKnownFileType = file; path = NanumGothicBold.otf; sourceTree = "<group>"; };
		8DBF7A3C28D2050600CEF2B4 /* NanumGothic.otf */ = {isa = PBXFileReference; lastKnownFileType = file; path = NanumGothic.otf; sourceTree = "<group>"; };
/* End PBXFileReference section */

/* Begin PBXFrameworksBuildPhase section */
		8D8DCA5128D1CE0B000A0A77 /* Frameworks */ = {
			isa = PBXFrameworksBuildPhase;
			buildActionMask = 2147483647;
			files = (
			);
			runOnlyForDeploymentPostprocessing = 0;
		};
		8D8DCA6728D1CE0C000A0A77 /* Frameworks */ = {
			isa = PBXFrameworksBuildPhase;
			buildActionMask = 2147483647;
			files = (
			);
			runOnlyForDeploymentPostprocessing = 0;
		};
		8D8DCA7128D1CE0C000A0A77 /* Frameworks */ = {
			isa = PBXFrameworksBuildPhase;
			buildActionMask = 2147483647;
			files = (
			);
			runOnlyForDeploymentPostprocessing = 0;
		};
/* End PBXFrameworksBuildPhase section */

/* Begin PBXGroup section */
		8D8DCA4B28D1CE0B000A0A77 = {
			isa = PBXGroup;
			children = (
				8D4E822928D5AB0900DD414D /* QuestData.swift */,
				8D8DCA5628D1CE0B000A0A77 /* SearchView */,
				8D8DCA6D28D1CE0C000A0A77 /* SearchViewTests */,
				8D8DCA7728D1CE0C000A0A77 /* SearchViewUITests */,
				8D8DCA5528D1CE0B000A0A77 /* Products */,
			);
			sourceTree = "<group>";
		};
		8D8DCA5528D1CE0B000A0A77 /* Products */ = {
			isa = PBXGroup;
			children = (
				8D8DCA5428D1CE0B000A0A77 /* SearchView.app */,
				8D8DCA6A28D1CE0C000A0A77 /* SearchViewTests.xctest */,
				8D8DCA7428D1CE0C000A0A77 /* SearchViewUITests.xctest */,
			);
			name = Products;
			sourceTree = "<group>";
		};
		8D8DCA5628D1CE0B000A0A77 /* SearchView */ = {
			isa = PBXGroup;
			children = (
				8D8BE86A28D21C8400CB6BB6 /* KeywordCell.swift */,
				8DBF7A3A28D204E200CEF2B4 /* Fonts */,
				8D8DCA8728D1CEF3000A0A77 /* Label */,
				8D8DCA5728D1CE0B000A0A77 /* AppDelegate.swift */,
				8D8DCA5928D1CE0B000A0A77 /* SceneDelegate.swift */,
				8D8DCA5B28D1CE0B000A0A77 /* ViewController.swift */,
				8D8DCA5D28D1CE0B000A0A77 /* Main.storyboard */,
				8D8DCA6028D1CE0C000A0A77 /* Assets.xcassets */,
				8D8DCA6228D1CE0C000A0A77 /* LaunchScreen.storyboard */,
				8D8DCA6528D1CE0C000A0A77 /* Info.plist */,
			);
			path = SearchView;
			sourceTree = "<group>";
		};
		8D8DCA6D28D1CE0C000A0A77 /* SearchViewTests */ = {
			isa = PBXGroup;
			children = (
				8D8DCA6E28D1CE0C000A0A77 /* SearchViewTests.swift */,
			);
			path = SearchViewTests;
			sourceTree = "<group>";
		};
		8D8DCA7728D1CE0C000A0A77 /* SearchViewUITests */ = {
			isa = PBXGroup;
			children = (
				8D8DCA7828D1CE0C000A0A77 /* SearchViewUITests.swift */,
				8D8DCA7A28D1CE0C000A0A77 /* SearchViewUITestsLaunchTests.swift */,
			);
			path = SearchViewUITests;
			sourceTree = "<group>";
		};
		8D8DCA8728D1CEF3000A0A77 /* Label */ = {
			isa = PBXGroup;
			children = (
			);
			path = Label;
			sourceTree = "<group>";
		};
		8DBF7A3A28D204E200CEF2B4 /* Fonts */ = {
			isa = PBXGroup;
			children = (
				8DBF7A3C28D2050600CEF2B4 /* NanumGothic.otf */,
				8DBF7A3B28D2050600CEF2B4 /* NanumGothicBold.otf */,
			);
			name = Fonts;
			sourceTree = "<group>";
		};
/* End PBXGroup section */

/* Begin PBXNativeTarget section */
		8D8DCA5328D1CE0B000A0A77 /* SearchView */ = {
			isa = PBXNativeTarget;
			buildConfigurationList = 8D8DCA7E28D1CE0C000A0A77 /* Build configuration list for PBXNativeTarget "SearchView" */;
			buildPhases = (
				8D8DCA5028D1CE0B000A0A77 /* Sources */,
				8D8DCA5128D1CE0B000A0A77 /* Frameworks */,
				8D8DCA5228D1CE0B000A0A77 /* Resources */,
			);
			buildRules = (
			);
			dependencies = (
			);
			name = SearchView;
			productName = SearchView;
			productReference = 8D8DCA5428D1CE0B000A0A77 /* SearchView.app */;
			productType = "com.apple.product-type.application";
		};
		8D8DCA6928D1CE0C000A0A77 /* SearchViewTests */ = {
			isa = PBXNativeTarget;
			buildConfigurationList = 8D8DCA8128D1CE0C000A0A77 /* Build configuration list for PBXNativeTarget "SearchViewTests" */;
			buildPhases = (
				8D8DCA6628D1CE0C000A0A77 /* Sources */,
				8D8DCA6728D1CE0C000A0A77 /* Frameworks */,
				8D8DCA6828D1CE0C000A0A77 /* Resources */,
			);
			buildRules = (
			);
			dependencies = (
				8D8DCA6C28D1CE0C000A0A77 /* PBXTargetDependency */,
			);
			name = SearchViewTests;
			productName = SearchViewTests;
			productReference = 8D8DCA6A28D1CE0C000A0A77 /* SearchViewTests.xctest */;
			productType = "com.apple.product-type.bundle.unit-test";
		};
		8D8DCA7328D1CE0C000A0A77 /* SearchViewUITests */ = {
			isa = PBXNativeTarget;
			buildConfigurationList = 8D8DCA8428D1CE0C000A0A77 /* Build configuration list for PBXNativeTarget "SearchViewUITests" */;
			buildPhases = (
				8D8DCA7028D1CE0C000A0A77 /* Sources */,
				8D8DCA7128D1CE0C000A0A77 /* Frameworks */,
				8D8DCA7228D1CE0C000A0A77 /* Resources */,
			);
			buildRules = (
			);
			dependencies = (
				8D8DCA7628D1CE0C000A0A77 /* PBXTargetDependency */,
			);
			name = SearchViewUITests;
			productName = SearchViewUITests;
			productReference = 8D8DCA7428D1CE0C000A0A77 /* SearchViewUITests.xctest */;
			productType = "com.apple.product-type.bundle.ui-testing";
		};
/* End PBXNativeTarget section */

/* Begin PBXProject section */
		8D8DCA4C28D1CE0B000A0A77 /* Project object */ = {
			isa = PBXProject;
			attributes = {
				BuildIndependentTargetsInParallel = 1;
				LastSwiftUpdateCheck = 1340;
				LastUpgradeCheck = 1340;
				TargetAttributes = {
					8D8DCA5328D1CE0B000A0A77 = {
						CreatedOnToolsVersion = 13.4.1;
					};
					8D8DCA6928D1CE0C000A0A77 = {
						CreatedOnToolsVersion = 13.4.1;
						TestTargetID = 8D8DCA5328D1CE0B000A0A77;
					};
					8D8DCA7328D1CE0C000A0A77 = {
						CreatedOnToolsVersion = 13.4.1;
						TestTargetID = 8D8DCA5328D1CE0B000A0A77;
					};
				};
			};
			buildConfigurationList = 8D8DCA4F28D1CE0B000A0A77 /* Build configuration list for PBXProject "SearchView" */;
			compatibilityVersion = "Xcode 13.0";
			developmentRegion = en;
			hasScannedForEncodings = 0;
			knownRegions = (
				en,
				Base,
			);
			mainGroup = 8D8DCA4B28D1CE0B000A0A77;
			productRefGroup = 8D8DCA5528D1CE0B000A0A77 /* Products */;
			projectDirPath = "";
			projectRoot = "";
			targets = (
				8D8DCA5328D1CE0B000A0A77 /* SearchView */,
				8D8DCA6928D1CE0C000A0A77 /* SearchViewTests */,
				8D8DCA7328D1CE0C000A0A77 /* SearchViewUITests */,
			);
		};
/* End PBXProject section */

/* Begin PBXResourcesBuildPhase section */
		8D8DCA5228D1CE0B000A0A77 /* Resources */ = {
			isa = PBXResourcesBuildPhase;
			buildActionMask = 2147483647;
			files = (
				8DBF7A3D28D2050600CEF2B4 /* NanumGothicBold.otf in Resources */,
				8D8DCA6428D1CE0C000A0A77 /* LaunchScreen.storyboard in Resources */,
				8D8DCA6128D1CE0C000A0A77 /* Assets.xcassets in Resources */,
				8D8DCA5F28D1CE0B000A0A77 /* Main.storyboard in Resources */,
				8DBF7A3E28D2050600CEF2B4 /* NanumGothic.otf in Resources */,
			);
			runOnlyForDeploymentPostprocessing = 0;
		};
		8D8DCA6828D1CE0C000A0A77 /* Resources */ = {
			isa = PBXResourcesBuildPhase;
			buildActionMask = 2147483647;
			files = (
			);
			runOnlyForDeploymentPostprocessing = 0;
		};
		8D8DCA7228D1CE0C000A0A77 /* Resources */ = {
			isa = PBXResourcesBuildPhase;
			buildActionMask = 2147483647;
			files = (
			);
			runOnlyForDeploymentPostprocessing = 0;
		};
/* End PBXResourcesBuildPhase section */

/* Begin PBXSourcesBuildPhase section */
		8D8DCA5028D1CE0B000A0A77 /* Sources */ = {
			isa = PBXSourcesBuildPhase;
			buildActionMask = 2147483647;
			files = (
				8D4E822A28D5AB0900DD414D /* QuestData.swift in Sources */,
				8D8DCA5C28D1CE0B000A0A77 /* ViewController.swift in Sources */,
				8D8BE86B28D21C8400CB6BB6 /* KeywordCell.swift in Sources */,
				8D8DCA5828D1CE0B000A0A77 /* AppDelegate.swift in Sources */,
				8D8DCA5A28D1CE0B000A0A77 /* SceneDelegate.swift in Sources */,
			);
			runOnlyForDeploymentPostprocessing = 0;
		};
		8D8DCA6628D1CE0C000A0A77 /* Sources */ = {
			isa = PBXSourcesBuildPhase;
			buildActionMask = 2147483647;
			files = (
				8D8DCA6F28D1CE0C000A0A77 /* SearchViewTests.swift in Sources */,
			);
			runOnlyForDeploymentPostprocessing = 0;
		};
		8D8DCA7028D1CE0C000A0A77 /* Sources */ = {
			isa = PBXSourcesBuildPhase;
			buildActionMask = 2147483647;
			files = (
				8D8DCA7928D1CE0C000A0A77 /* SearchViewUITests.swift in Sources */,
				8D8DCA7B28D1CE0C000A0A77 /* SearchViewUITestsLaunchTests.swift in Sources */,
			);
			runOnlyForDeploymentPostprocessing = 0;
		};
/* End PBXSourcesBuildPhase section */

/* Begin PBXTargetDependency section */
		8D8DCA6C28D1CE0C000A0A77 /* PBXTargetDependency */ = {
			isa = PBXTargetDependency;
			target = 8D8DCA5328D1CE0B000A0A77 /* SearchView */;
			targetProxy = 8D8DCA6B28D1CE0C000A0A77 /* PBXContainerItemProxy */;
		};
		8D8DCA7628D1CE0C000A0A77 /* PBXTargetDependency */ = {
			isa = PBXTargetDependency;
			target = 8D8DCA5328D1CE0B000A0A77 /* SearchView */;
			targetProxy = 8D8DCA7528D1CE0C000A0A77 /* PBXContainerItemProxy */;
		};
/* End PBXTargetDependency section */

/* Begin PBXVariantGroup section */
		8D8DCA5D28D1CE0B000A0A77 /* Main.storyboard */ = {
			isa = PBXVariantGroup;
			children = (
				8D8DCA5E28D1CE0B000A0A77 /* Base */,
			);
			name = Main.storyboard;
			sourceTree = "<group>";
		};
		8D8DCA6228D1CE0C000A0A77 /* LaunchScreen.storyboard */ = {
			isa = PBXVariantGroup;
			children = (
				8D8DCA6328D1CE0C000A0A77 /* Base */,
			);
			name = LaunchScreen.storyboard;
			sourceTree = "<group>";
		};
/* End PBXVariantGroup section */

/* Begin XCBuildConfiguration section */
		8D8DCA7C28D1CE0C000A0A77 /* Debug */ = {
			isa = XCBuildConfiguration;
			buildSettings = {
				ALWAYS_SEARCH_USER_PATHS = NO;
				CLANG_ANALYZER_NONNULL = YES;
				CLANG_ANALYZER_NUMBER_OBJECT_CONVERSION = YES_AGGRESSIVE;
				CLANG_CXX_LANGUAGE_STANDARD = "gnu++17";
				CLANG_ENABLE_MODULES = YES;
				CLANG_ENABLE_OBJC_ARC = YES;
				CLANG_ENABLE_OBJC_WEAK = YES;
				CLANG_WARN_BLOCK_CAPTURE_AUTORELEASING = YES;
				CLANG_WARN_BOOL_CONVERSION = YES;
				CLANG_WARN_COMMA = YES;
				CLANG_WARN_CONSTANT_CONVERSION = YES;
				CLANG_WARN_DEPRECATED_OBJC_IMPLEMENTATIONS = YES;
				CLANG_WARN_DIRECT_OBJC_ISA_USAGE = YES_ERROR;
				CLANG_WARN_DOCUMENTATION_COMMENTS = YES;
				CLANG_WARN_EMPTY_BODY = YES;
				CLANG_WARN_ENUM_CONVERSION = YES;
				CLANG_WARN_INFINITE_RECURSION = YES;
				CLANG_WARN_INT_CONVERSION = YES;
				CLANG_WARN_NON_LITERAL_NULL_CONVERSION = YES;
				CLANG_WARN_OBJC_IMPLICIT_RETAIN_SELF = YES;
				CLANG_WARN_OBJC_LITERAL_CONVERSION = YES;
				CLANG_WARN_OBJC_ROOT_CLASS = YES_ERROR;
				CLANG_WARN_QUOTED_INCLUDE_IN_FRAMEWORK_HEADER = YES;
				CLANG_WARN_RANGE_LOOP_ANALYSIS = YES;
				CLANG_WARN_STRICT_PROTOTYPES = YES;
				CLANG_WARN_SUSPICIOUS_MOVE = YES;
				CLANG_WARN_UNGUARDED_AVAILABILITY = YES_AGGRESSIVE;
				CLANG_WARN_UNREACHABLE_CODE = YES;
				CLANG_WARN__DUPLICATE_METHOD_MATCH = YES;
				COPY_PHASE_STRIP = NO;
				DEBUG_INFORMATION_FORMAT = dwarf;
				ENABLE_STRICT_OBJC_MSGSEND = YES;
				ENABLE_TESTABILITY = YES;
				GCC_C_LANGUAGE_STANDARD = gnu11;
				GCC_DYNAMIC_NO_PIC = NO;
				GCC_NO_COMMON_BLOCKS = YES;
				GCC_OPTIMIZATION_LEVEL = 0;
				GCC_PREPROCESSOR_DEFINITIONS = (
					"DEBUG=1",
					"$(inherited)",
				);
				GCC_WARN_64_TO_32_BIT_CONVERSION = YES;
				GCC_WARN_ABOUT_RETURN_TYPE = YES_ERROR;
				GCC_WARN_UNDECLARED_SELECTOR = YES;
				GCC_WARN_UNINITIALIZED_AUTOS = YES_AGGRESSIVE;
				GCC_WARN_UNUSED_FUNCTION = YES;
				GCC_WARN_UNUSED_VARIABLE = YES;
				IPHONEOS_DEPLOYMENT_TARGET = 15.5;
				MTL_ENABLE_DEBUG_INFO = INCLUDE_SOURCE;
				MTL_FAST_MATH = YES;
				ONLY_ACTIVE_ARCH = YES;
				SDKROOT = iphoneos;
				SWIFT_ACTIVE_COMPILATION_CONDITIONS = DEBUG;
				SWIFT_OPTIMIZATION_LEVEL = "-Onone";
			};
			name = Debug;
		};
		8D8DCA7D28D1CE0C000A0A77 /* Release */ = {
			isa = XCBuildConfiguration;
			buildSettings = {
				ALWAYS_SEARCH_USER_PATHS = NO;
				CLANG_ANALYZER_NONNULL = YES;
				CLANG_ANALYZER_NUMBER_OBJECT_CONVERSION = YES_AGGRESSIVE;
				CLANG_CXX_LANGUAGE_STANDARD = "gnu++17";
				CLANG_ENABLE_MODULES = YES;
				CLANG_ENABLE_OBJC_ARC = YES;
				CLANG_ENABLE_OBJC_WEAK = YES;
				CLANG_WARN_BLOCK_CAPTURE_AUTORELEASING = YES;
				CLANG_WARN_BOOL_CONVERSION = YES;
				CLANG_WARN_COMMA = YES;
				CLANG_WARN_CONSTANT_CONVERSION = YES;
				CLANG_WARN_DEPRECATED_OBJC_IMPLEMENTATIONS = YES;
				CLANG_WARN_DIRECT_OBJC_ISA_USAGE = YES_ERROR;
				CLANG_WARN_DOCUMENTATION_COMMENTS = YES;
				CLANG_WARN_EMPTY_BODY = YES;
				CLANG_WARN_ENUM_CONVERSION = YES;
				CLANG_WARN_INFINITE_RECURSION = YES;
				CLANG_WARN_INT_CONVERSION = YES;
				CLANG_WARN_NON_LITERAL_NULL_CONVERSION = YES;
				CLANG_WARN_OBJC_IMPLICIT_RETAIN_SELF = YES;
				CLANG_WARN_OBJC_LITERAL_CONVERSION = YES;
				CLANG_WARN_OBJC_ROOT_CLASS = YES_ERROR;
				CLANG_WARN_QUOTED_INCLUDE_IN_FRAMEWORK_HEADER = YES;
				CLANG_WARN_RANGE_LOOP_ANALYSIS = YES;
				CLANG_WARN_STRICT_PROTOTYPES = YES;
				CLANG_WARN_SUSPICIOUS_MOVE = YES;
				CLANG_WARN_UNGUARDED_AVAILABILITY = YES_AGGRESSIVE;
				CLANG_WARN_UNREACHABLE_CODE = YES;
				CLANG_WARN__DUPLICATE_METHOD_MATCH = YES;
				COPY_PHASE_STRIP = NO;
				DEBUG_INFORMATION_FORMAT = "dwarf-with-dsym";
				ENABLE_NS_ASSERTIONS = NO;
				ENABLE_STRICT_OBJC_MSGSEND = YES;
				GCC_C_LANGUAGE_STANDARD = gnu11;
				GCC_NO_COMMON_BLOCKS = YES;
				GCC_WARN_64_TO_32_BIT_CONVERSION = YES;
				GCC_WARN_ABOUT_RETURN_TYPE = YES_ERROR;
				GCC_WARN_UNDECLARED_SELECTOR = YES;
				GCC_WARN_UNINITIALIZED_AUTOS = YES_AGGRESSIVE;
				GCC_WARN_UNUSED_FUNCTION = YES;
				GCC_WARN_UNUSED_VARIABLE = YES;
				IPHONEOS_DEPLOYMENT_TARGET = 15.5;
				MTL_ENABLE_DEBUG_INFO = NO;
				MTL_FAST_MATH = YES;
				SDKROOT = iphoneos;
				SWIFT_COMPILATION_MODE = wholemodule;
				SWIFT_OPTIMIZATION_LEVEL = "-O";
				VALIDATE_PRODUCT = YES;
			};
			name = Release;
		};
		8D8DCA7F28D1CE0C000A0A77 /* Debug */ = {
			isa = XCBuildConfiguration;
			buildSettings = {
				ASSETCATALOG_COMPILER_APPICON_NAME = AppIcon;
				ASSETCATALOG_COMPILER_GLOBAL_ACCENT_COLOR_NAME = AccentColor;
				CODE_SIGN_STYLE = Automatic;
				CURRENT_PROJECT_VERSION = 1;
				DEVELOPMENT_TEAM = 79KM28R566;
				GENERATE_INFOPLIST_FILE = YES;
				INFOPLIST_FILE = SearchView/Info.plist;
				INFOPLIST_KEY_UIApplicationSupportsIndirectInputEvents = YES;
				INFOPLIST_KEY_UILaunchStoryboardName = LaunchScreen;
				INFOPLIST_KEY_UIMainStoryboardFile = Main;
				INFOPLIST_KEY_UISupportedInterfaceOrientations_iPad = "UIInterfaceOrientationPortrait UIInterfaceOrientationPortraitUpsideDown UIInterfaceOrientationLandscapeLeft UIInterfaceOrientationLandscapeRight";
				INFOPLIST_KEY_UISupportedInterfaceOrientations_iPhone = "UIInterfaceOrientationPortrait UIInterfaceOrientationLandscapeLeft UIInterfaceOrientationLandscapeRight";
				LD_RUNPATH_SEARCH_PATHS = (
					"$(inherited)",
					"@executable_path/Frameworks",
				);
				MARKETING_VERSION = 1.0;
				PRODUCT_BUNDLE_IDENTIFIER = ruaProject.SearchView;
				PRODUCT_NAME = "$(TARGET_NAME)";
				SWIFT_EMIT_LOC_STRINGS = YES;
				SWIFT_VERSION = 5.0;
				TARGETED_DEVICE_FAMILY = "1,2";
			};
			name = Debug;
		};
		8D8DCA8028D1CE0C000A0A77 /* Release */ = {
			isa = XCBuildConfiguration;
			buildSettings = {
				ASSETCATALOG_COMPILER_APPICON_NAME = AppIcon;
				ASSETCATALOG_COMPILER_GLOBAL_ACCENT_COLOR_NAME = AccentColor;
				CODE_SIGN_STYLE = Automatic;
				CURRENT_PROJECT_VERSION = 1;
				DEVELOPMENT_TEAM = 79KM28R566;
				GENERATE_INFOPLIST_FILE = YES;
				INFOPLIST_FILE = SearchView/Info.plist;
				INFOPLIST_KEY_UIApplicationSupportsIndirectInputEvents = YES;
				INFOPLIST_KEY_UILaunchStoryboardName = LaunchScreen;
				INFOPLIST_KEY_UIMainStoryboardFile = Main;
				INFOPLIST_KEY_UISupportedInterfaceOrientations_iPad = "UIInterfaceOrientationPortrait UIInterfaceOrientationPortraitUpsideDown UIInterfaceOrientationLandscapeLeft UIInterfaceOrientationLandscapeRight";
				INFOPLIST_KEY_UISupportedInterfaceOrientations_iPhone = "UIInterfaceOrientationPortrait UIInterfaceOrientationLandscapeLeft UIInterfaceOrientationLandscapeRight";
				LD_RUNPATH_SEARCH_PATHS = (
					"$(inherited)",
					"@executable_path/Frameworks",
				);
				MARKETING_VERSION = 1.0;
				PRODUCT_BUNDLE_IDENTIFIER = ruaProject.SearchView;
				PRODUCT_NAME = "$(TARGET_NAME)";
				SWIFT_EMIT_LOC_STRINGS = YES;
				SWIFT_VERSION = 5.0;
				TARGETED_DEVICE_FAMILY = "1,2";
			};
			name = Release;
		};
		8D8DCA8228D1CE0C000A0A77 /* Debug */ = {
			isa = XCBuildConfiguration;
			buildSettings = {
				ALWAYS_EMBED_SWIFT_STANDARD_LIBRARIES = YES;
				BUNDLE_LOADER = "$(TEST_HOST)";
				CODE_SIGN_STYLE = Automatic;
				CURRENT_PROJECT_VERSION = 1;
				DEVELOPMENT_TEAM = 79KM28R566;
				GENERATE_INFOPLIST_FILE = YES;
				IPHONEOS_DEPLOYMENT_TARGET = 15.5;
				MARKETING_VERSION = 1.0;
				PRODUCT_BUNDLE_IDENTIFIER = ruaProject.SearchViewTests;
				PRODUCT_NAME = "$(TARGET_NAME)";
				SWIFT_EMIT_LOC_STRINGS = NO;
				SWIFT_VERSION = 5.0;
				TARGETED_DEVICE_FAMILY = "1,2";
				TEST_HOST = "$(BUILT_PRODUCTS_DIR)/SearchView.app/SearchView";
			};
			name = Debug;
		};
		8D8DCA8328D1CE0C000A0A77 /* Release */ = {
			isa = XCBuildConfiguration;
			buildSettings = {
				ALWAYS_EMBED_SWIFT_STANDARD_LIBRARIES = YES;
				BUNDLE_LOADER = "$(TEST_HOST)";
				CODE_SIGN_STYLE = Automatic;
				CURRENT_PROJECT_VERSION = 1;
				DEVELOPMENT_TEAM = 79KM28R566;
				GENERATE_INFOPLIST_FILE = YES;
				IPHONEOS_DEPLOYMENT_TARGET = 15.5;
				MARKETING_VERSION = 1.0;
				PRODUCT_BUNDLE_IDENTIFIER = ruaProject.SearchViewTests;
				PRODUCT_NAME = "$(TARGET_NAME)";
				SWIFT_EMIT_LOC_STRINGS = NO;
				SWIFT_VERSION = 5.0;
				TARGETED_DEVICE_FAMILY = "1,2";
				TEST_HOST = "$(BUILT_PRODUCTS_DIR)/SearchView.app/SearchView";
			};
			name = Release;
		};
		8D8DCA8528D1CE0C000A0A77 /* Debug */ = {
			isa = XCBuildConfiguration;
			buildSettings = {
				ALWAYS_EMBED_SWIFT_STANDARD_LIBRARIES = YES;
				CODE_SIGN_STYLE = Automatic;
				CURRENT_PROJECT_VERSION = 1;
				DEVELOPMENT_TEAM = 79KM28R566;
				GENERATE_INFOPLIST_FILE = YES;
				MARKETING_VERSION = 1.0;
				PRODUCT_BUNDLE_IDENTIFIER = ruaProject.SearchViewUITests;
				PRODUCT_NAME = "$(TARGET_NAME)";
				SWIFT_EMIT_LOC_STRINGS = NO;
				SWIFT_VERSION = 5.0;
				TARGETED_DEVICE_FAMILY = "1,2";
				TEST_TARGET_NAME = SearchView;
			};
			name = Debug;
		};
		8D8DCA8628D1CE0C000A0A77 /* Release */ = {
			isa = XCBuildConfiguration;
			buildSettings = {
				ALWAYS_EMBED_SWIFT_STANDARD_LIBRARIES = YES;
				CODE_SIGN_STYLE = Automatic;
				CURRENT_PROJECT_VERSION = 1;
				DEVELOPMENT_TEAM = 79KM28R566;
				GENERATE_INFOPLIST_FILE = YES;
				MARKETING_VERSION = 1.0;
				PRODUCT_BUNDLE_IDENTIFIER = ruaProject.SearchViewUITests;
				PRODUCT_NAME = "$(TARGET_NAME)";
				SWIFT_EMIT_LOC_STRINGS = NO;
				SWIFT_VERSION = 5.0;
				TARGETED_DEVICE_FAMILY = "1,2";
				TEST_TARGET_NAME = SearchView;
			};
			name = Release;
		};
/* End XCBuildConfiguration section */

/* Begin XCConfigurationList section */
		8D8DCA4F28D1CE0B000A0A77 /* Build configuration list for PBXProject "SearchView" */ = {
			isa = XCConfigurationList;
			buildConfigurations = (
				8D8DCA7C28D1CE0C000A0A77 /* Debug */,
				8D8DCA7D28D1CE0C000A0A77 /* Release */,
			);
			defaultConfigurationIsVisible = 0;
			defaultConfigurationName = Release;
		};
		8D8DCA7E28D1CE0C000A0A77 /* Build configuration list for PBXNativeTarget "SearchView" */ = {
			isa = XCConfigurationList;
			buildConfigurations = (
				8D8DCA7F28D1CE0C000A0A77 /* Debug */,
				8D8DCA8028D1CE0C000A0A77 /* Release */,
			);
			defaultConfigurationIsVisible = 0;
			defaultConfigurationName = Release;
		};
		8D8DCA8128D1CE0C000A0A77 /* Build configuration list for PBXNativeTarget "SearchViewTests" */ = {
			isa = XCConfigurationList;
			buildConfigurations = (
				8D8DCA8228D1CE0C000A0A77 /* Debug */,
				8D8DCA8328D1CE0C000A0A77 /* Release */,
			);
			defaultConfigurationIsVisible = 0;
			defaultConfigurationName = Release;
		};
		8D8DCA8428D1CE0C000A0A77 /* Build configuration list for PBXNativeTarget "SearchViewUITests" */ = {
			isa = XCConfigurationList;
			buildConfigurations = (
				8D8DCA8528D1CE0C000A0A77 /* Debug */,
				8D8DCA8628D1CE0C000A0A77 /* Release */,
			);
			defaultConfigurationIsVisible = 0;
			defaultConfigurationName = Release;
		};
/* End XCConfigurationList section */
	};
	rootObject = 8D8DCA4C28D1CE0B000A0A77 /* Project object */;
}
