// !$*UTF8*$!
{
	archiveVersion = 1;
	classes = {
	};
	objectVersion = 56;
	objects = {

/* Begin PBXBuildFile section */
		8D83B28B28DDFBE30073E778 /* AppDelegate.swift in Sources */ = {isa = PBXBuildFile; fileRef = 8D83B28A28DDFBE30073E778 /* AppDelegate.swift */; };
		8D83B28D28DDFBE30073E778 /* SceneDelegate.swift in Sources */ = {isa = PBXBuildFile; fileRef = 8D83B28C28DDFBE30073E778 /* SceneDelegate.swift */; };
		8D83B28F28DDFBE30073E778 /* ViewController.swift in Sources */ = {isa = PBXBuildFile; fileRef = 8D83B28E28DDFBE30073E778 /* ViewController.swift */; };
		8D83B29228DDFBE30073E778 /* Main.storyboard in Resources */ = {isa = PBXBuildFile; fileRef = 8D83B29028DDFBE30073E778 /* Main.storyboard */; };
		8D83B29428DDFBE40073E778 /* Assets.xcassets in Resources */ = {isa = PBXBuildFile; fileRef = 8D83B29328DDFBE40073E778 /* Assets.xcassets */; };
		8D83B29728DDFBE40073E778 /* LaunchScreen.storyboard in Resources */ = {isa = PBXBuildFile; fileRef = 8D83B29528DDFBE40073E778 /* LaunchScreen.storyboard */; };
		8D83B2A228DDFBE40073E778 /* communityListViewTests.swift in Sources */ = {isa = PBXBuildFile; fileRef = 8D83B2A128DDFBE40073E778 /* communityListViewTests.swift */; };
		8D83B2AC28DDFBE40073E778 /* communityListViewUITests.swift in Sources */ = {isa = PBXBuildFile; fileRef = 8D83B2AB28DDFBE40073E778 /* communityListViewUITests.swift */; };
		8D83B2AE28DDFBE40073E778 /* communityListViewUITestsLaunchTests.swift in Sources */ = {isa = PBXBuildFile; fileRef = 8D83B2AD28DDFBE40073E778 /* communityListViewUITestsLaunchTests.swift */; };
/* End PBXBuildFile section */

/* Begin PBXContainerItemProxy section */
		8D83B29E28DDFBE40073E778 /* PBXContainerItemProxy */ = {
			isa = PBXContainerItemProxy;
			containerPortal = 8D83B27F28DDFBE30073E778 /* Project object */;
			proxyType = 1;
			remoteGlobalIDString = 8D83B28628DDFBE30073E778;
			remoteInfo = communityListView;
		};
		8D83B2A828DDFBE40073E778 /* PBXContainerItemProxy */ = {
			isa = PBXContainerItemProxy;
			containerPortal = 8D83B27F28DDFBE30073E778 /* Project object */;
			proxyType = 1;
			remoteGlobalIDString = 8D83B28628DDFBE30073E778;
			remoteInfo = communityListView;
		};
/* End PBXContainerItemProxy section */

/* Begin PBXFileReference section */
		8D83B28728DDFBE30073E778 /* communityListView.app */ = {isa = PBXFileReference; explicitFileType = wrapper.application; includeInIndex = 0; path = communityListView.app; sourceTree = BUILT_PRODUCTS_DIR; };
		8D83B28A28DDFBE30073E778 /* AppDelegate.swift */ = {isa = PBXFileReference; lastKnownFileType = sourcecode.swift; path = AppDelegate.swift; sourceTree = "<group>"; };
		8D83B28C28DDFBE30073E778 /* SceneDelegate.swift */ = {isa = PBXFileReference; lastKnownFileType = sourcecode.swift; path = SceneDelegate.swift; sourceTree = "<group>"; };
		8D83B28E28DDFBE30073E778 /* ViewController.swift */ = {isa = PBXFileReference; lastKnownFileType = sourcecode.swift; path = ViewController.swift; sourceTree = "<group>"; };
		8D83B29128DDFBE30073E778 /* Base */ = {isa = PBXFileReference; lastKnownFileType = file.storyboard; name = Base; path = Base.lproj/Main.storyboard; sourceTree = "<group>"; };
		8D83B29328DDFBE40073E778 /* Assets.xcassets */ = {isa = PBXFileReference; lastKnownFileType = folder.assetcatalog; path = Assets.xcassets; sourceTree = "<group>"; };
		8D83B29628DDFBE40073E778 /* Base */ = {isa = PBXFileReference; lastKnownFileType = file.storyboard; name = Base; path = Base.lproj/LaunchScreen.storyboard; sourceTree = "<group>"; };
		8D83B29828DDFBE40073E778 /* Info.plist */ = {isa = PBXFileReference; lastKnownFileType = text.plist.xml; path = Info.plist; sourceTree = "<group>"; };
		8D83B29D28DDFBE40073E778 /* communityListViewTests.xctest */ = {isa = PBXFileReference; explicitFileType = wrapper.cfbundle; includeInIndex = 0; path = communityListViewTests.xctest; sourceTree = BUILT_PRODUCTS_DIR; };
		8D83B2A128DDFBE40073E778 /* communityListViewTests.swift */ = {isa = PBXFileReference; lastKnownFileType = sourcecode.swift; path = communityListViewTests.swift; sourceTree = "<group>"; };
		8D83B2A728DDFBE40073E778 /* communityListViewUITests.xctest */ = {isa = PBXFileReference; explicitFileType = wrapper.cfbundle; includeInIndex = 0; path = communityListViewUITests.xctest; sourceTree = BUILT_PRODUCTS_DIR; };
		8D83B2AB28DDFBE40073E778 /* communityListViewUITests.swift */ = {isa = PBXFileReference; lastKnownFileType = sourcecode.swift; path = communityListViewUITests.swift; sourceTree = "<group>"; };
		8D83B2AD28DDFBE40073E778 /* communityListViewUITestsLaunchTests.swift */ = {isa = PBXFileReference; lastKnownFileType = sourcecode.swift; path = communityListViewUITestsLaunchTests.swift; sourceTree = "<group>"; };
/* End PBXFileReference section */

/* Begin PBXFrameworksBuildPhase section */
		8D83B28428DDFBE30073E778 /* Frameworks */ = {
			isa = PBXFrameworksBuildPhase;
			buildActionMask = 2147483647;
			files = (
			);
			runOnlyForDeploymentPostprocessing = 0;
		};
		8D83B29A28DDFBE40073E778 /* Frameworks */ = {
			isa = PBXFrameworksBuildPhase;
			buildActionMask = 2147483647;
			files = (
			);
			runOnlyForDeploymentPostprocessing = 0;
		};
		8D83B2A428DDFBE40073E778 /* Frameworks */ = {
			isa = PBXFrameworksBuildPhase;
			buildActionMask = 2147483647;
			files = (
			);
			runOnlyForDeploymentPostprocessing = 0;
		};
/* End PBXFrameworksBuildPhase section */

/* Begin PBXGroup section */
		8D83B27E28DDFBE30073E778 = {
			isa = PBXGroup;
			children = (
				8D83B28928DDFBE30073E778 /* communityListView */,
				8D83B2A028DDFBE40073E778 /* communityListViewTests */,
				8D83B2AA28DDFBE40073E778 /* communityListViewUITests */,
				8D83B28828DDFBE30073E778 /* Products */,
			);
			sourceTree = "<group>";
		};
		8D83B28828DDFBE30073E778 /* Products */ = {
			isa = PBXGroup;
			children = (
				8D83B28728DDFBE30073E778 /* communityListView.app */,
				8D83B29D28DDFBE40073E778 /* communityListViewTests.xctest */,
				8D83B2A728DDFBE40073E778 /* communityListViewUITests.xctest */,
			);
			name = Products;
			sourceTree = "<group>";
		};
		8D83B28928DDFBE30073E778 /* communityListView */ = {
			isa = PBXGroup;
			children = (
				8D83B28A28DDFBE30073E778 /* AppDelegate.swift */,
				8D83B28C28DDFBE30073E778 /* SceneDelegate.swift */,
				8D83B28E28DDFBE30073E778 /* ViewController.swift */,
				8D83B29028DDFBE30073E778 /* Main.storyboard */,
				8D83B29328DDFBE40073E778 /* Assets.xcassets */,
				8D83B29528DDFBE40073E778 /* LaunchScreen.storyboard */,
				8D83B29828DDFBE40073E778 /* Info.plist */,
			);
			path = communityListView;
			sourceTree = "<group>";
		};
		8D83B2A028DDFBE40073E778 /* communityListViewTests */ = {
			isa = PBXGroup;
			children = (
				8D83B2A128DDFBE40073E778 /* communityListViewTests.swift */,
			);
			path = communityListViewTests;
			sourceTree = "<group>";
		};
		8D83B2AA28DDFBE40073E778 /* communityListViewUITests */ = {
			isa = PBXGroup;
			children = (
				8D83B2AB28DDFBE40073E778 /* communityListViewUITests.swift */,
				8D83B2AD28DDFBE40073E778 /* communityListViewUITestsLaunchTests.swift */,
			);
			path = communityListViewUITests;
			sourceTree = "<group>";
		};
/* End PBXGroup section */

/* Begin PBXNativeTarget section */
		8D83B28628DDFBE30073E778 /* communityListView */ = {
			isa = PBXNativeTarget;
			buildConfigurationList = 8D83B2B128DDFBE40073E778 /* Build configuration list for PBXNativeTarget "communityListView" */;
			buildPhases = (
				8D83B28328DDFBE30073E778 /* Sources */,
				8D83B28428DDFBE30073E778 /* Frameworks */,
				8D83B28528DDFBE30073E778 /* Resources */,
			);
			buildRules = (
			);
			dependencies = (
			);
			name = communityListView;
			productName = communityListView;
			productReference = 8D83B28728DDFBE30073E778 /* communityListView.app */;
			productType = "com.apple.product-type.application";
		};
		8D83B29C28DDFBE40073E778 /* communityListViewTests */ = {
			isa = PBXNativeTarget;
			buildConfigurationList = 8D83B2B428DDFBE40073E778 /* Build configuration list for PBXNativeTarget "communityListViewTests" */;
			buildPhases = (
				8D83B29928DDFBE40073E778 /* Sources */,
				8D83B29A28DDFBE40073E778 /* Frameworks */,
				8D83B29B28DDFBE40073E778 /* Resources */,
			);
			buildRules = (
			);
			dependencies = (
				8D83B29F28DDFBE40073E778 /* PBXTargetDependency */,
			);
			name = communityListViewTests;
			productName = communityListViewTests;
			productReference = 8D83B29D28DDFBE40073E778 /* communityListViewTests.xctest */;
			productType = "com.apple.product-type.bundle.unit-test";
		};
		8D83B2A628DDFBE40073E778 /* communityListViewUITests */ = {
			isa = PBXNativeTarget;
			buildConfigurationList = 8D83B2B728DDFBE40073E778 /* Build configuration list for PBXNativeTarget "communityListViewUITests" */;
			buildPhases = (
				8D83B2A328DDFBE40073E778 /* Sources */,
				8D83B2A428DDFBE40073E778 /* Frameworks */,
				8D83B2A528DDFBE40073E778 /* Resources */,
			);
			buildRules = (
			);
			dependencies = (
				8D83B2A928DDFBE40073E778 /* PBXTargetDependency */,
			);
			name = communityListViewUITests;
			productName = communityListViewUITests;
			productReference = 8D83B2A728DDFBE40073E778 /* communityListViewUITests.xctest */;
			productType = "com.apple.product-type.bundle.ui-testing";
		};
/* End PBXNativeTarget section */

/* Begin PBXProject section */
		8D83B27F28DDFBE30073E778 /* Project object */ = {
			isa = PBXProject;
			attributes = {
				BuildIndependentTargetsInParallel = 1;
				LastSwiftUpdateCheck = 1400;
				LastUpgradeCheck = 1400;
				TargetAttributes = {
					8D83B28628DDFBE30073E778 = {
						CreatedOnToolsVersion = 14.0;
					};
					8D83B29C28DDFBE40073E778 = {
						CreatedOnToolsVersion = 14.0;
						TestTargetID = 8D83B28628DDFBE30073E778;
					};
					8D83B2A628DDFBE40073E778 = {
						CreatedOnToolsVersion = 14.0;
						TestTargetID = 8D83B28628DDFBE30073E778;
					};
				};
			};
			buildConfigurationList = 8D83B28228DDFBE30073E778 /* Build configuration list for PBXProject "communityListView" */;
			compatibilityVersion = "Xcode 14.0";
			developmentRegion = en;
			hasScannedForEncodings = 0;
			knownRegions = (
				en,
				Base,
			);
			mainGroup = 8D83B27E28DDFBE30073E778;
			productRefGroup = 8D83B28828DDFBE30073E778 /* Products */;
			projectDirPath = "";
			projectRoot = "";
			targets = (
				8D83B28628DDFBE30073E778 /* communityListView */,
				8D83B29C28DDFBE40073E778 /* communityListViewTests */,
				8D83B2A628DDFBE40073E778 /* communityListViewUITests */,
			);
		};
/* End PBXProject section */

/* Begin PBXResourcesBuildPhase section */
		8D83B28528DDFBE30073E778 /* Resources */ = {
			isa = PBXResourcesBuildPhase;
			buildActionMask = 2147483647;
			files = (
				8D83B29728DDFBE40073E778 /* LaunchScreen.storyboard in Resources */,
				8D83B29428DDFBE40073E778 /* Assets.xcassets in Resources */,
				8D83B29228DDFBE30073E778 /* Main.storyboard in Resources */,
			);
			runOnlyForDeploymentPostprocessing = 0;
		};
		8D83B29B28DDFBE40073E778 /* Resources */ = {
			isa = PBXResourcesBuildPhase;
			buildActionMask = 2147483647;
			files = (
			);
			runOnlyForDeploymentPostprocessing = 0;
		};
		8D83B2A528DDFBE40073E778 /* Resources */ = {
			isa = PBXResourcesBuildPhase;
			buildActionMask = 2147483647;
			files = (
			);
			runOnlyForDeploymentPostprocessing = 0;
		};
/* End PBXResourcesBuildPhase section */

/* Begin PBXSourcesBuildPhase section */
		8D83B28328DDFBE30073E778 /* Sources */ = {
			isa = PBXSourcesBuildPhase;
			buildActionMask = 2147483647;
			files = (
				8D83B28F28DDFBE30073E778 /* ViewController.swift in Sources */,
				8D83B28B28DDFBE30073E778 /* AppDelegate.swift in Sources */,
				8D83B28D28DDFBE30073E778 /* SceneDelegate.swift in Sources */,
			);
			runOnlyForDeploymentPostprocessing = 0;
		};
		8D83B29928DDFBE40073E778 /* Sources */ = {
			isa = PBXSourcesBuildPhase;
			buildActionMask = 2147483647;
			files = (
				8D83B2A228DDFBE40073E778 /* communityListViewTests.swift in Sources */,
			);
			runOnlyForDeploymentPostprocessing = 0;
		};
		8D83B2A328DDFBE40073E778 /* Sources */ = {
			isa = PBXSourcesBuildPhase;
			buildActionMask = 2147483647;
			files = (
				8D83B2AC28DDFBE40073E778 /* communityListViewUITests.swift in Sources */,
				8D83B2AE28DDFBE40073E778 /* communityListViewUITestsLaunchTests.swift in Sources */,
			);
			runOnlyForDeploymentPostprocessing = 0;
		};
/* End PBXSourcesBuildPhase section */

/* Begin PBXTargetDependency section */
		8D83B29F28DDFBE40073E778 /* PBXTargetDependency */ = {
			isa = PBXTargetDependency;
			target = 8D83B28628DDFBE30073E778 /* communityListView */;
			targetProxy = 8D83B29E28DDFBE40073E778 /* PBXContainerItemProxy */;
		};
		8D83B2A928DDFBE40073E778 /* PBXTargetDependency */ = {
			isa = PBXTargetDependency;
			target = 8D83B28628DDFBE30073E778 /* communityListView */;
			targetProxy = 8D83B2A828DDFBE40073E778 /* PBXContainerItemProxy */;
		};
/* End PBXTargetDependency section */

/* Begin PBXVariantGroup section */
		8D83B29028DDFBE30073E778 /* Main.storyboard */ = {
			isa = PBXVariantGroup;
			children = (
				8D83B29128DDFBE30073E778 /* Base */,
			);
			name = Main.storyboard;
			sourceTree = "<group>";
		};
		8D83B29528DDFBE40073E778 /* LaunchScreen.storyboard */ = {
			isa = PBXVariantGroup;
			children = (
				8D83B29628DDFBE40073E778 /* Base */,
			);
			name = LaunchScreen.storyboard;
			sourceTree = "<group>";
		};
/* End PBXVariantGroup section */

/* Begin XCBuildConfiguration section */
		8D83B2AF28DDFBE40073E778 /* Debug */ = {
			isa = XCBuildConfiguration;
			buildSettings = {
				ALWAYS_SEARCH_USER_PATHS = NO;
				CLANG_ANALYZER_NONNULL = YES;
				CLANG_ANALYZER_NUMBER_OBJECT_CONVERSION = YES_AGGRESSIVE;
				CLANG_CXX_LANGUAGE_STANDARD = "gnu++20";
				CLANG_ENABLE_MODULES = YES;
				CLANG_ENABLE_OBJC_ARC = YES;
				CLANG_ENABLE_OBJC_WEAK = YES;
				CLANG_WARN_BLOCK_CAPTURE_AUTORELEASING = YES;
				CLANG_WARN_BOOL_CONVERSION = YES;
				CLANG_WARN_COMMA = YES;
				CLANG_WARN_CONSTANT_CONVERSION = YES;
				CLANG_WARN_DEPRECATED_OBJC_IMPLEMENTATIONS = YES;
				CLANG_WARN_DIRECT_OBJC_ISA_USAGE = YES_ERROR;
				CLANG_WARN_DOCUMENTATION_COMMENTS = YES;
				CLANG_WARN_EMPTY_BODY = YES;
				CLANG_WARN_ENUM_CONVERSION = YES;
				CLANG_WARN_INFINITE_RECURSION = YES;
				CLANG_WARN_INT_CONVERSION = YES;
				CLANG_WARN_NON_LITERAL_NULL_CONVERSION = YES;
				CLANG_WARN_OBJC_IMPLICIT_RETAIN_SELF = YES;
				CLANG_WARN_OBJC_LITERAL_CONVERSION = YES;
				CLANG_WARN_OBJC_ROOT_CLASS = YES_ERROR;
				CLANG_WARN_QUOTED_INCLUDE_IN_FRAMEWORK_HEADER = YES;
				CLANG_WARN_RANGE_LOOP_ANALYSIS = YES;
				CLANG_WARN_STRICT_PROTOTYPES = YES;
				CLANG_WARN_SUSPICIOUS_MOVE = YES;
				CLANG_WARN_UNGUARDED_AVAILABILITY = YES_AGGRESSIVE;
				CLANG_WARN_UNREACHABLE_CODE = YES;
				CLANG_WARN__DUPLICATE_METHOD_MATCH = YES;
				COPY_PHASE_STRIP = NO;
				DEBUG_INFORMATION_FORMAT = dwarf;
				ENABLE_STRICT_OBJC_MSGSEND = YES;
				ENABLE_TESTABILITY = YES;
				GCC_C_LANGUAGE_STANDARD = gnu11;
				GCC_DYNAMIC_NO_PIC = NO;
				GCC_NO_COMMON_BLOCKS = YES;
				GCC_OPTIMIZATION_LEVEL = 0;
				GCC_PREPROCESSOR_DEFINITIONS = (
					"DEBUG=1",
					"$(inherited)",
				);
				GCC_WARN_64_TO_32_BIT_CONVERSION = YES;
				GCC_WARN_ABOUT_RETURN_TYPE = YES_ERROR;
				GCC_WARN_UNDECLARED_SELECTOR = YES;
				GCC_WARN_UNINITIALIZED_AUTOS = YES_AGGRESSIVE;
				GCC_WARN_UNUSED_FUNCTION = YES;
				GCC_WARN_UNUSED_VARIABLE = YES;
				IPHONEOS_DEPLOYMENT_TARGET = 16.0;
				MTL_ENABLE_DEBUG_INFO = INCLUDE_SOURCE;
				MTL_FAST_MATH = YES;
				ONLY_ACTIVE_ARCH = YES;
				SDKROOT = iphoneos;
				SWIFT_ACTIVE_COMPILATION_CONDITIONS = DEBUG;
				SWIFT_OPTIMIZATION_LEVEL = "-Onone";
			};
			name = Debug;
		};
		8D83B2B028DDFBE40073E778 /* Release */ = {
			isa = XCBuildConfiguration;
			buildSettings = {
				ALWAYS_SEARCH_USER_PATHS = NO;
				CLANG_ANALYZER_NONNULL = YES;
				CLANG_ANALYZER_NUMBER_OBJECT_CONVERSION = YES_AGGRESSIVE;
				CLANG_CXX_LANGUAGE_STANDARD = "gnu++20";
				CLANG_ENABLE_MODULES = YES;
				CLANG_ENABLE_OBJC_ARC = YES;
				CLANG_ENABLE_OBJC_WEAK = YES;
				CLANG_WARN_BLOCK_CAPTURE_AUTORELEASING = YES;
				CLANG_WARN_BOOL_CONVERSION = YES;
				CLANG_WARN_COMMA = YES;
				CLANG_WARN_CONSTANT_CONVERSION = YES;
				CLANG_WARN_DEPRECATED_OBJC_IMPLEMENTATIONS = YES;
				CLANG_WARN_DIRECT_OBJC_ISA_USAGE = YES_ERROR;
				CLANG_WARN_DOCUMENTATION_COMMENTS = YES;
				CLANG_WARN_EMPTY_BODY = YES;
				CLANG_WARN_ENUM_CONVERSION = YES;
				CLANG_WARN_INFINITE_RECURSION = YES;
				CLANG_WARN_INT_CONVERSION = YES;
				CLANG_WARN_NON_LITERAL_NULL_CONVERSION = YES;
				CLANG_WARN_OBJC_IMPLICIT_RETAIN_SELF = YES;
				CLANG_WARN_OBJC_LITERAL_CONVERSION = YES;
				CLANG_WARN_OBJC_ROOT_CLASS = YES_ERROR;
				CLANG_WARN_QUOTED_INCLUDE_IN_FRAMEWORK_HEADER = YES;
				CLANG_WARN_RANGE_LOOP_ANALYSIS = YES;
				CLANG_WARN_STRICT_PROTOTYPES = YES;
				CLANG_WARN_SUSPICIOUS_MOVE = YES;
				CLANG_WARN_UNGUARDED_AVAILABILITY = YES_AGGRESSIVE;
				CLANG_WARN_UNREACHABLE_CODE = YES;
				CLANG_WARN__DUPLICATE_METHOD_MATCH = YES;
				COPY_PHASE_STRIP = NO;
				DEBUG_INFORMATION_FORMAT = "dwarf-with-dsym";
				ENABLE_NS_ASSERTIONS = NO;
				ENABLE_STRICT_OBJC_MSGSEND = YES;
				GCC_C_LANGUAGE_STANDARD = gnu11;
				GCC_NO_COMMON_BLOCKS = YES;
				GCC_WARN_64_TO_32_BIT_CONVERSION = YES;
				GCC_WARN_ABOUT_RETURN_TYPE = YES_ERROR;
				GCC_WARN_UNDECLARED_SELECTOR = YES;
				GCC_WARN_UNINITIALIZED_AUTOS = YES_AGGRESSIVE;
				GCC_WARN_UNUSED_FUNCTION = YES;
				GCC_WARN_UNUSED_VARIABLE = YES;
				IPHONEOS_DEPLOYMENT_TARGET = 16.0;
				MTL_ENABLE_DEBUG_INFO = NO;
				MTL_FAST_MATH = YES;
				SDKROOT = iphoneos;
				SWIFT_COMPILATION_MODE = wholemodule;
				SWIFT_OPTIMIZATION_LEVEL = "-O";
				VALIDATE_PRODUCT = YES;
			};
			name = Release;
		};
		8D83B2B228DDFBE40073E778 /* Debug */ = {
			isa = XCBuildConfiguration;
			buildSettings = {
				ASSETCATALOG_COMPILER_APPICON_NAME = AppIcon;
				ASSETCATALOG_COMPILER_GLOBAL_ACCENT_COLOR_NAME = AccentColor;
				CODE_SIGN_STYLE = Automatic;
				CURRENT_PROJECT_VERSION = 1;
				DEVELOPMENT_TEAM = 79KM28R566;
				GENERATE_INFOPLIST_FILE = YES;
				INFOPLIST_FILE = communityListView/Info.plist;
				INFOPLIST_KEY_UIApplicationSupportsIndirectInputEvents = YES;
				INFOPLIST_KEY_UILaunchStoryboardName = LaunchScreen;
				INFOPLIST_KEY_UIMainStoryboardFile = Main;
				INFOPLIST_KEY_UISupportedInterfaceOrientations_iPad = "UIInterfaceOrientationPortrait UIInterfaceOrientationPortraitUpsideDown UIInterfaceOrientationLandscapeLeft UIInterfaceOrientationLandscapeRight";
				INFOPLIST_KEY_UISupportedInterfaceOrientations_iPhone = "UIInterfaceOrientationPortrait UIInterfaceOrientationLandscapeLeft UIInterfaceOrientationLandscapeRight";
				LD_RUNPATH_SEARCH_PATHS = (
					"$(inherited)",
					"@executable_path/Frameworks",
				);
				MARKETING_VERSION = 1.0;
				PRODUCT_BUNDLE_IDENTIFIER = ruaProject.communityListView;
				PRODUCT_NAME = "$(TARGET_NAME)";
				SWIFT_EMIT_LOC_STRINGS = YES;
				SWIFT_VERSION = 5.0;
				TARGETED_DEVICE_FAMILY = "1,2";
			};
			name = Debug;
		};
		8D83B2B328DDFBE40073E778 /* Release */ = {
			isa = XCBuildConfiguration;
			buildSettings = {
				ASSETCATALOG_COMPILER_APPICON_NAME = AppIcon;
				ASSETCATALOG_COMPILER_GLOBAL_ACCENT_COLOR_NAME = AccentColor;
				CODE_SIGN_STYLE = Automatic;
				CURRENT_PROJECT_VERSION = 1;
				DEVELOPMENT_TEAM = 79KM28R566;
				GENERATE_INFOPLIST_FILE = YES;
				INFOPLIST_FILE = communityListView/Info.plist;
				INFOPLIST_KEY_UIApplicationSupportsIndirectInputEvents = YES;
				INFOPLIST_KEY_UILaunchStoryboardName = LaunchScreen;
				INFOPLIST_KEY_UIMainStoryboardFile = Main;
				INFOPLIST_KEY_UISupportedInterfaceOrientations_iPad = "UIInterfaceOrientationPortrait UIInterfaceOrientationPortraitUpsideDown UIInterfaceOrientationLandscapeLeft UIInterfaceOrientationLandscapeRight";
				INFOPLIST_KEY_UISupportedInterfaceOrientations_iPhone = "UIInterfaceOrientationPortrait UIInterfaceOrientationLandscapeLeft UIInterfaceOrientationLandscapeRight";
				LD_RUNPATH_SEARCH_PATHS = (
					"$(inherited)",
					"@executable_path/Frameworks",
				);
				MARKETING_VERSION = 1.0;
				PRODUCT_BUNDLE_IDENTIFIER = ruaProject.communityListView;
				PRODUCT_NAME = "$(TARGET_NAME)";
				SWIFT_EMIT_LOC_STRINGS = YES;
				SWIFT_VERSION = 5.0;
				TARGETED_DEVICE_FAMILY = "1,2";
			};
			name = Release;
		};
		8D83B2B528DDFBE40073E778 /* Debug */ = {
			isa = XCBuildConfiguration;
			buildSettings = {
				ALWAYS_EMBED_SWIFT_STANDARD_LIBRARIES = YES;
				BUNDLE_LOADER = "$(TEST_HOST)";
				CODE_SIGN_STYLE = Automatic;
				CURRENT_PROJECT_VERSION = 1;
				DEVELOPMENT_TEAM = 79KM28R566;
				GENERATE_INFOPLIST_FILE = YES;
				IPHONEOS_DEPLOYMENT_TARGET = 16.0;
				MARKETING_VERSION = 1.0;
				PRODUCT_BUNDLE_IDENTIFIER = ruaProject.communityListViewTests;
				PRODUCT_NAME = "$(TARGET_NAME)";
				SWIFT_EMIT_LOC_STRINGS = NO;
				SWIFT_VERSION = 5.0;
				TARGETED_DEVICE_FAMILY = "1,2";
				TEST_HOST = "$(BUILT_PRODUCTS_DIR)/communityListView.app/$(BUNDLE_EXECUTABLE_FOLDER_PATH)/communityListView";
			};
			name = Debug;
		};
		8D83B2B628DDFBE40073E778 /* Release */ = {
			isa = XCBuildConfiguration;
			buildSettings = {
				ALWAYS_EMBED_SWIFT_STANDARD_LIBRARIES = YES;
				BUNDLE_LOADER = "$(TEST_HOST)";
				CODE_SIGN_STYLE = Automatic;
				CURRENT_PROJECT_VERSION = 1;
				DEVELOPMENT_TEAM = 79KM28R566;
				GENERATE_INFOPLIST_FILE = YES;
				IPHONEOS_DEPLOYMENT_TARGET = 16.0;
				MARKETING_VERSION = 1.0;
				PRODUCT_BUNDLE_IDENTIFIER = ruaProject.communityListViewTests;
				PRODUCT_NAME = "$(TARGET_NAME)";
				SWIFT_EMIT_LOC_STRINGS = NO;
				SWIFT_VERSION = 5.0;
				TARGETED_DEVICE_FAMILY = "1,2";
				TEST_HOST = "$(BUILT_PRODUCTS_DIR)/communityListView.app/$(BUNDLE_EXECUTABLE_FOLDER_PATH)/communityListView";
			};
			name = Release;
		};
		8D83B2B828DDFBE40073E778 /* Debug */ = {
			isa = XCBuildConfiguration;
			buildSettings = {
				ALWAYS_EMBED_SWIFT_STANDARD_LIBRARIES = YES;
				CODE_SIGN_STYLE = Automatic;
				CURRENT_PROJECT_VERSION = 1;
				DEVELOPMENT_TEAM = 79KM28R566;
				GENERATE_INFOPLIST_FILE = YES;
				MARKETING_VERSION = 1.0;
				PRODUCT_BUNDLE_IDENTIFIER = ruaProject.communityListViewUITests;
				PRODUCT_NAME = "$(TARGET_NAME)";
				SWIFT_EMIT_LOC_STRINGS = NO;
				SWIFT_VERSION = 5.0;
				TARGETED_DEVICE_FAMILY = "1,2";
				TEST_TARGET_NAME = communityListView;
			};
			name = Debug;
		};
		8D83B2B928DDFBE40073E778 /* Release */ = {
			isa = XCBuildConfiguration;
			buildSettings = {
				ALWAYS_EMBED_SWIFT_STANDARD_LIBRARIES = YES;
				CODE_SIGN_STYLE = Automatic;
				CURRENT_PROJECT_VERSION = 1;
				DEVELOPMENT_TEAM = 79KM28R566;
				GENERATE_INFOPLIST_FILE = YES;
				MARKETING_VERSION = 1.0;
				PRODUCT_BUNDLE_IDENTIFIER = ruaProject.communityListViewUITests;
				PRODUCT_NAME = "$(TARGET_NAME)";
				SWIFT_EMIT_LOC_STRINGS = NO;
				SWIFT_VERSION = 5.0;
				TARGETED_DEVICE_FAMILY = "1,2";
				TEST_TARGET_NAME = communityListView;
			};
			name = Release;
		};
/* End XCBuildConfiguration section */

/* Begin XCConfigurationList section */
		8D83B28228DDFBE30073E778 /* Build configuration list for PBXProject "communityListView" */ = {
			isa = XCConfigurationList;
			buildConfigurations = (
				8D83B2AF28DDFBE40073E778 /* Debug */,
				8D83B2B028DDFBE40073E778 /* Release */,
			);
			defaultConfigurationIsVisible = 0;
			defaultConfigurationName = Release;
		};
		8D83B2B128DDFBE40073E778 /* Build configuration list for PBXNativeTarget "communityListView" */ = {
			isa = XCConfigurationList;
			buildConfigurations = (
				8D83B2B228DDFBE40073E778 /* Debug */,
				8D83B2B328DDFBE40073E778 /* Release */,
			);
			defaultConfigurationIsVisible = 0;
			defaultConfigurationName = Release;
		};
		8D83B2B428DDFBE40073E778 /* Build configuration list for PBXNativeTarget "communityListViewTests" */ = {
			isa = XCConfigurationList;
			buildConfigurations = (
				8D83B2B528DDFBE40073E778 /* Debug */,
				8D83B2B628DDFBE40073E778 /* Release */,
			);
			defaultConfigurationIsVisible = 0;
			defaultConfigurationName = Release;
		};
		8D83B2B728DDFBE40073E778 /* Build configuration list for PBXNativeTarget "communityListViewUITests" */ = {
			isa = XCConfigurationList;
			buildConfigurations = (
				8D83B2B828DDFBE40073E778 /* Debug */,
				8D83B2B928DDFBE40073E778 /* Release */,
			);
			defaultConfigurationIsVisible = 0;
			defaultConfigurationName = Release;
		};
/* End XCConfigurationList section */
	};
	rootObject = 8D83B27F28DDFBE30073E778 /* Project object */;
}
