// !$*UTF8*$!
{
	archiveVersion = 1;
	classes = {
	};
	objectVersion = 56;
	objects = {

/* Begin PBXBuildFile section */
		8D9FE2B428E17E84006E0C13 /* AppDelegate.swift in Sources */ = {isa = PBXBuildFile; fileRef = 8D9FE2B328E17E84006E0C13 /* AppDelegate.swift */; };
		8D9FE2B628E17E84006E0C13 /* SceneDelegate.swift in Sources */ = {isa = PBXBuildFile; fileRef = 8D9FE2B528E17E84006E0C13 /* SceneDelegate.swift */; };
		8D9FE2B828E17E84006E0C13 /* ViewController.swift in Sources */ = {isa = PBXBuildFile; fileRef = 8D9FE2B728E17E84006E0C13 /* ViewController.swift */; };
		8D9FE2BB28E17E84006E0C13 /* Main.storyboard in Resources */ = {isa = PBXBuildFile; fileRef = 8D9FE2B928E17E84006E0C13 /* Main.storyboard */; };
		8D9FE2BD28E17E85006E0C13 /* Assets.xcassets in Resources */ = {isa = PBXBuildFile; fileRef = 8D9FE2BC28E17E85006E0C13 /* Assets.xcassets */; };
		8D9FE2C028E17E85006E0C13 /* LaunchScreen.storyboard in Resources */ = {isa = PBXBuildFile; fileRef = 8D9FE2BE28E17E85006E0C13 /* LaunchScreen.storyboard */; };
		8D9FE2CB28E17E85006E0C13 /* TermsOfServiceViewTests.swift in Sources */ = {isa = PBXBuildFile; fileRef = 8D9FE2CA28E17E85006E0C13 /* TermsOfServiceViewTests.swift */; };
		8D9FE2D528E17E85006E0C13 /* TermsOfServiceViewUITests.swift in Sources */ = {isa = PBXBuildFile; fileRef = 8D9FE2D428E17E85006E0C13 /* TermsOfServiceViewUITests.swift */; };
		8D9FE2D728E17E85006E0C13 /* TermsOfServiceViewUITestsLaunchTests.swift in Sources */ = {isa = PBXBuildFile; fileRef = 8D9FE2D628E17E85006E0C13 /* TermsOfServiceViewUITestsLaunchTests.swift */; };
		8D9FE2E428E1CCC4006E0C13 /* checkBoxButton.swift in Sources */ = {isa = PBXBuildFile; fileRef = 8D9FE2E328E1CCC4006E0C13 /* checkBoxButton.swift */; };
		8D9FE2E628E1D022006E0C13 /* confirmButton.swift in Sources */ = {isa = PBXBuildFile; fileRef = 8D9FE2E528E1D022006E0C13 /* confirmButton.swift */; };
/* End PBXBuildFile section */

/* Begin PBXContainerItemProxy section */
		8D9FE2C728E17E85006E0C13 /* PBXContainerItemProxy */ = {
			isa = PBXContainerItemProxy;
			containerPortal = 8D9FE2A828E17E84006E0C13 /* Project object */;
			proxyType = 1;
			remoteGlobalIDString = 8D9FE2AF28E17E84006E0C13;
			remoteInfo = TermsOfServiceView;
		};
		8D9FE2D128E17E85006E0C13 /* PBXContainerItemProxy */ = {
			isa = PBXContainerItemProxy;
			containerPortal = 8D9FE2A828E17E84006E0C13 /* Project object */;
			proxyType = 1;
			remoteGlobalIDString = 8D9FE2AF28E17E84006E0C13;
			remoteInfo = TermsOfServiceView;
		};
/* End PBXContainerItemProxy section */

/* Begin PBXFileReference section */
		8D9FE2B028E17E84006E0C13 /* TermsOfServiceView.app */ = {isa = PBXFileReference; explicitFileType = wrapper.application; includeInIndex = 0; path = TermsOfServiceView.app; sourceTree = BUILT_PRODUCTS_DIR; };
		8D9FE2B328E17E84006E0C13 /* AppDelegate.swift */ = {isa = PBXFileReference; lastKnownFileType = sourcecode.swift; path = AppDelegate.swift; sourceTree = "<group>"; };
		8D9FE2B528E17E84006E0C13 /* SceneDelegate.swift */ = {isa = PBXFileReference; lastKnownFileType = sourcecode.swift; path = SceneDelegate.swift; sourceTree = "<group>"; };
		8D9FE2B728E17E84006E0C13 /* ViewController.swift */ = {isa = PBXFileReference; lastKnownFileType = sourcecode.swift; path = ViewController.swift; sourceTree = "<group>"; };
		8D9FE2BA28E17E84006E0C13 /* Base */ = {isa = PBXFileReference; lastKnownFileType = file.storyboard; name = Base; path = Base.lproj/Main.storyboard; sourceTree = "<group>"; };
		8D9FE2BC28E17E85006E0C13 /* Assets.xcassets */ = {isa = PBXFileReference; lastKnownFileType = folder.assetcatalog; path = Assets.xcassets; sourceTree = "<group>"; };
		8D9FE2BF28E17E85006E0C13 /* Base */ = {isa = PBXFileReference; lastKnownFileType = file.storyboard; name = Base; path = Base.lproj/LaunchScreen.storyboard; sourceTree = "<group>"; };
		8D9FE2C128E17E85006E0C13 /* Info.plist */ = {isa = PBXFileReference; lastKnownFileType = text.plist.xml; path = Info.plist; sourceTree = "<group>"; };
		8D9FE2C628E17E85006E0C13 /* TermsOfServiceViewTests.xctest */ = {isa = PBXFileReference; explicitFileType = wrapper.cfbundle; includeInIndex = 0; path = TermsOfServiceViewTests.xctest; sourceTree = BUILT_PRODUCTS_DIR; };
		8D9FE2CA28E17E85006E0C13 /* TermsOfServiceViewTests.swift */ = {isa = PBXFileReference; lastKnownFileType = sourcecode.swift; path = TermsOfServiceViewTests.swift; sourceTree = "<group>"; };
		8D9FE2D028E17E85006E0C13 /* TermsOfServiceViewUITests.xctest */ = {isa = PBXFileReference; explicitFileType = wrapper.cfbundle; includeInIndex = 0; path = TermsOfServiceViewUITests.xctest; sourceTree = BUILT_PRODUCTS_DIR; };
		8D9FE2D428E17E85006E0C13 /* TermsOfServiceViewUITests.swift */ = {isa = PBXFileReference; lastKnownFileType = sourcecode.swift; path = TermsOfServiceViewUITests.swift; sourceTree = "<group>"; };
		8D9FE2D628E17E85006E0C13 /* TermsOfServiceViewUITestsLaunchTests.swift */ = {isa = PBXFileReference; lastKnownFileType = sourcecode.swift; path = TermsOfServiceViewUITestsLaunchTests.swift; sourceTree = "<group>"; };
		8D9FE2E328E1CCC4006E0C13 /* checkBoxButton.swift */ = {isa = PBXFileReference; lastKnownFileType = sourcecode.swift; path = checkBoxButton.swift; sourceTree = "<group>"; };
		8D9FE2E528E1D022006E0C13 /* confirmButton.swift */ = {isa = PBXFileReference; lastKnownFileType = sourcecode.swift; path = confirmButton.swift; sourceTree = "<group>"; };
/* End PBXFileReference section */

/* Begin PBXFrameworksBuildPhase section */
		8D9FE2AD28E17E84006E0C13 /* Frameworks */ = {
			isa = PBXFrameworksBuildPhase;
			buildActionMask = 2147483647;
			files = (
			);
			runOnlyForDeploymentPostprocessing = 0;
		};
		8D9FE2C328E17E85006E0C13 /* Frameworks */ = {
			isa = PBXFrameworksBuildPhase;
			buildActionMask = 2147483647;
			files = (
			);
			runOnlyForDeploymentPostprocessing = 0;
		};
		8D9FE2CD28E17E85006E0C13 /* Frameworks */ = {
			isa = PBXFrameworksBuildPhase;
			buildActionMask = 2147483647;
			files = (
			);
			runOnlyForDeploymentPostprocessing = 0;
		};
/* End PBXFrameworksBuildPhase section */

/* Begin PBXGroup section */
		8D9FE2A728E17E84006E0C13 = {
			isa = PBXGroup;
			children = (
				8D9FE2B228E17E84006E0C13 /* TermsOfServiceView */,
				8D9FE2C928E17E85006E0C13 /* TermsOfServiceViewTests */,
				8D9FE2D328E17E85006E0C13 /* TermsOfServiceViewUITests */,
				8D9FE2B128E17E84006E0C13 /* Products */,
			);
			sourceTree = "<group>";
		};
		8D9FE2B128E17E84006E0C13 /* Products */ = {
			isa = PBXGroup;
			children = (
				8D9FE2B028E17E84006E0C13 /* TermsOfServiceView.app */,
				8D9FE2C628E17E85006E0C13 /* TermsOfServiceViewTests.xctest */,
				8D9FE2D028E17E85006E0C13 /* TermsOfServiceViewUITests.xctest */,
			);
			name = Products;
			sourceTree = "<group>";
		};
		8D9FE2B228E17E84006E0C13 /* TermsOfServiceView */ = {
			isa = PBXGroup;
			children = (
				8D9FE2B328E17E84006E0C13 /* AppDelegate.swift */,
				8D9FE2B528E17E84006E0C13 /* SceneDelegate.swift */,
				8D9FE2B728E17E84006E0C13 /* ViewController.swift */,
				8D9FE2B928E17E84006E0C13 /* Main.storyboard */,
				8D9FE2E528E1D022006E0C13 /* confirmButton.swift */,
				8D9FE2BC28E17E85006E0C13 /* Assets.xcassets */,
				8D9FE2BE28E17E85006E0C13 /* LaunchScreen.storyboard */,
				8D9FE2C128E17E85006E0C13 /* Info.plist */,
				8D9FE2E328E1CCC4006E0C13 /* checkBoxButton.swift */,
			);
			path = TermsOfServiceView;
			sourceTree = "<group>";
		};
		8D9FE2C928E17E85006E0C13 /* TermsOfServiceViewTests */ = {
			isa = PBXGroup;
			children = (
				8D9FE2CA28E17E85006E0C13 /* TermsOfServiceViewTests.swift */,
			);
			path = TermsOfServiceViewTests;
			sourceTree = "<group>";
		};
		8D9FE2D328E17E85006E0C13 /* TermsOfServiceViewUITests */ = {
			isa = PBXGroup;
			children = (
				8D9FE2D428E17E85006E0C13 /* TermsOfServiceViewUITests.swift */,
				8D9FE2D628E17E85006E0C13 /* TermsOfServiceViewUITestsLaunchTests.swift */,
			);
			path = TermsOfServiceViewUITests;
			sourceTree = "<group>";
		};
/* End PBXGroup section */

/* Begin PBXNativeTarget section */
		8D9FE2AF28E17E84006E0C13 /* TermsOfServiceView */ = {
			isa = PBXNativeTarget;
			buildConfigurationList = 8D9FE2DA28E17E85006E0C13 /* Build configuration list for PBXNativeTarget "TermsOfServiceView" */;
			buildPhases = (
				8D9FE2AC28E17E84006E0C13 /* Sources */,
				8D9FE2AD28E17E84006E0C13 /* Frameworks */,
				8D9FE2AE28E17E84006E0C13 /* Resources */,
			);
			buildRules = (
			);
			dependencies = (
			);
			name = TermsOfServiceView;
			productName = TermsOfServiceView;
			productReference = 8D9FE2B028E17E84006E0C13 /* TermsOfServiceView.app */;
			productType = "com.apple.product-type.application";
		};
		8D9FE2C528E17E85006E0C13 /* TermsOfServiceViewTests */ = {
			isa = PBXNativeTarget;
			buildConfigurationList = 8D9FE2DD28E17E85006E0C13 /* Build configuration list for PBXNativeTarget "TermsOfServiceViewTests" */;
			buildPhases = (
				8D9FE2C228E17E85006E0C13 /* Sources */,
				8D9FE2C328E17E85006E0C13 /* Frameworks */,
				8D9FE2C428E17E85006E0C13 /* Resources */,
			);
			buildRules = (
			);
			dependencies = (
				8D9FE2C828E17E85006E0C13 /* PBXTargetDependency */,
			);
			name = TermsOfServiceViewTests;
			productName = TermsOfServiceViewTests;
			productReference = 8D9FE2C628E17E85006E0C13 /* TermsOfServiceViewTests.xctest */;
			productType = "com.apple.product-type.bundle.unit-test";
		};
		8D9FE2CF28E17E85006E0C13 /* TermsOfServiceViewUITests */ = {
			isa = PBXNativeTarget;
			buildConfigurationList = 8D9FE2E028E17E85006E0C13 /* Build configuration list for PBXNativeTarget "TermsOfServiceViewUITests" */;
			buildPhases = (
				8D9FE2CC28E17E85006E0C13 /* Sources */,
				8D9FE2CD28E17E85006E0C13 /* Frameworks */,
				8D9FE2CE28E17E85006E0C13 /* Resources */,
			);
			buildRules = (
			);
			dependencies = (
				8D9FE2D228E17E85006E0C13 /* PBXTargetDependency */,
			);
			name = TermsOfServiceViewUITests;
			productName = TermsOfServiceViewUITests;
			productReference = 8D9FE2D028E17E85006E0C13 /* TermsOfServiceViewUITests.xctest */;
			productType = "com.apple.product-type.bundle.ui-testing";
		};
/* End PBXNativeTarget section */

/* Begin PBXProject section */
		8D9FE2A828E17E84006E0C13 /* Project object */ = {
			isa = PBXProject;
			attributes = {
				BuildIndependentTargetsInParallel = 1;
				LastSwiftUpdateCheck = 1400;
				LastUpgradeCheck = 1400;
				TargetAttributes = {
					8D9FE2AF28E17E84006E0C13 = {
						CreatedOnToolsVersion = 14.0;
					};
					8D9FE2C528E17E85006E0C13 = {
						CreatedOnToolsVersion = 14.0;
						TestTargetID = 8D9FE2AF28E17E84006E0C13;
					};
					8D9FE2CF28E17E85006E0C13 = {
						CreatedOnToolsVersion = 14.0;
						TestTargetID = 8D9FE2AF28E17E84006E0C13;
					};
				};
			};
			buildConfigurationList = 8D9FE2AB28E17E84006E0C13 /* Build configuration list for PBXProject "TermsOfServiceView" */;
			compatibilityVersion = "Xcode 14.0";
			developmentRegion = en;
			hasScannedForEncodings = 0;
			knownRegions = (
				en,
				Base,
			);
			mainGroup = 8D9FE2A728E17E84006E0C13;
			productRefGroup = 8D9FE2B128E17E84006E0C13 /* Products */;
			projectDirPath = "";
			projectRoot = "";
			targets = (
				8D9FE2AF28E17E84006E0C13 /* TermsOfServiceView */,
				8D9FE2C528E17E85006E0C13 /* TermsOfServiceViewTests */,
				8D9FE2CF28E17E85006E0C13 /* TermsOfServiceViewUITests */,
			);
		};
/* End PBXProject section */

/* Begin PBXResourcesBuildPhase section */
		8D9FE2AE28E17E84006E0C13 /* Resources */ = {
			isa = PBXResourcesBuildPhase;
			buildActionMask = 2147483647;
			files = (
				8D9FE2C028E17E85006E0C13 /* LaunchScreen.storyboard in Resources */,
				8D9FE2BD28E17E85006E0C13 /* Assets.xcassets in Resources */,
				8D9FE2BB28E17E84006E0C13 /* Main.storyboard in Resources */,
			);
			runOnlyForDeploymentPostprocessing = 0;
		};
		8D9FE2C428E17E85006E0C13 /* Resources */ = {
			isa = PBXResourcesBuildPhase;
			buildActionMask = 2147483647;
			files = (
			);
			runOnlyForDeploymentPostprocessing = 0;
		};
		8D9FE2CE28E17E85006E0C13 /* Resources */ = {
			isa = PBXResourcesBuildPhase;
			buildActionMask = 2147483647;
			files = (
			);
			runOnlyForDeploymentPostprocessing = 0;
		};
/* End PBXResourcesBuildPhase section */

/* Begin PBXSourcesBuildPhase section */
		8D9FE2AC28E17E84006E0C13 /* Sources */ = {
			isa = PBXSourcesBuildPhase;
			buildActionMask = 2147483647;
			files = (
				8D9FE2B828E17E84006E0C13 /* ViewController.swift in Sources */,
				8D9FE2B428E17E84006E0C13 /* AppDelegate.swift in Sources */,
				8D9FE2E428E1CCC4006E0C13 /* checkBoxButton.swift in Sources */,
				8D9FE2B628E17E84006E0C13 /* SceneDelegate.swift in Sources */,
				8D9FE2E628E1D022006E0C13 /* confirmButton.swift in Sources */,
			);
			runOnlyForDeploymentPostprocessing = 0;
		};
		8D9FE2C228E17E85006E0C13 /* Sources */ = {
			isa = PBXSourcesBuildPhase;
			buildActionMask = 2147483647;
			files = (
				8D9FE2CB28E17E85006E0C13 /* TermsOfServiceViewTests.swift in Sources */,
			);
			runOnlyForDeploymentPostprocessing = 0;
		};
		8D9FE2CC28E17E85006E0C13 /* Sources */ = {
			isa = PBXSourcesBuildPhase;
			buildActionMask = 2147483647;
			files = (
				8D9FE2D728E17E85006E0C13 /* TermsOfServiceViewUITestsLaunchTests.swift in Sources */,
				8D9FE2D528E17E85006E0C13 /* TermsOfServiceViewUITests.swift in Sources */,
			);
			runOnlyForDeploymentPostprocessing = 0;
		};
/* End PBXSourcesBuildPhase section */

/* Begin PBXTargetDependency section */
		8D9FE2C828E17E85006E0C13 /* PBXTargetDependency */ = {
			isa = PBXTargetDependency;
			target = 8D9FE2AF28E17E84006E0C13 /* TermsOfServiceView */;
			targetProxy = 8D9FE2C728E17E85006E0C13 /* PBXContainerItemProxy */;
		};
		8D9FE2D228E17E85006E0C13 /* PBXTargetDependency */ = {
			isa = PBXTargetDependency;
			target = 8D9FE2AF28E17E84006E0C13 /* TermsOfServiceView */;
			targetProxy = 8D9FE2D128E17E85006E0C13 /* PBXContainerItemProxy */;
		};
/* End PBXTargetDependency section */

/* Begin PBXVariantGroup section */
		8D9FE2B928E17E84006E0C13 /* Main.storyboard */ = {
			isa = PBXVariantGroup;
			children = (
				8D9FE2BA28E17E84006E0C13 /* Base */,
			);
			name = Main.storyboard;
			sourceTree = "<group>";
		};
		8D9FE2BE28E17E85006E0C13 /* LaunchScreen.storyboard */ = {
			isa = PBXVariantGroup;
			children = (
				8D9FE2BF28E17E85006E0C13 /* Base */,
			);
			name = LaunchScreen.storyboard;
			sourceTree = "<group>";
		};
/* End PBXVariantGroup section */

/* Begin XCBuildConfiguration section */
		8D9FE2D828E17E85006E0C13 /* Debug */ = {
			isa = XCBuildConfiguration;
			buildSettings = {
				ALWAYS_SEARCH_USER_PATHS = NO;
				CLANG_ANALYZER_NONNULL = YES;
				CLANG_ANALYZER_NUMBER_OBJECT_CONVERSION = YES_AGGRESSIVE;
				CLANG_CXX_LANGUAGE_STANDARD = "gnu++20";
				CLANG_ENABLE_MODULES = YES;
				CLANG_ENABLE_OBJC_ARC = YES;
				CLANG_ENABLE_OBJC_WEAK = YES;
				CLANG_WARN_BLOCK_CAPTURE_AUTORELEASING = YES;
				CLANG_WARN_BOOL_CONVERSION = YES;
				CLANG_WARN_COMMA = YES;
				CLANG_WARN_CONSTANT_CONVERSION = YES;
				CLANG_WARN_DEPRECATED_OBJC_IMPLEMENTATIONS = YES;
				CLANG_WARN_DIRECT_OBJC_ISA_USAGE = YES_ERROR;
				CLANG_WARN_DOCUMENTATION_COMMENTS = YES;
				CLANG_WARN_EMPTY_BODY = YES;
				CLANG_WARN_ENUM_CONVERSION = YES;
				CLANG_WARN_INFINITE_RECURSION = YES;
				CLANG_WARN_INT_CONVERSION = YES;
				CLANG_WARN_NON_LITERAL_NULL_CONVERSION = YES;
				CLANG_WARN_OBJC_IMPLICIT_RETAIN_SELF = YES;
				CLANG_WARN_OBJC_LITERAL_CONVERSION = YES;
				CLANG_WARN_OBJC_ROOT_CLASS = YES_ERROR;
				CLANG_WARN_QUOTED_INCLUDE_IN_FRAMEWORK_HEADER = YES;
				CLANG_WARN_RANGE_LOOP_ANALYSIS = YES;
				CLANG_WARN_STRICT_PROTOTYPES = YES;
				CLANG_WARN_SUSPICIOUS_MOVE = YES;
				CLANG_WARN_UNGUARDED_AVAILABILITY = YES_AGGRESSIVE;
				CLANG_WARN_UNREACHABLE_CODE = YES;
				CLANG_WARN__DUPLICATE_METHOD_MATCH = YES;
				COPY_PHASE_STRIP = NO;
				DEBUG_INFORMATION_FORMAT = dwarf;
				ENABLE_STRICT_OBJC_MSGSEND = YES;
				ENABLE_TESTABILITY = YES;
				GCC_C_LANGUAGE_STANDARD = gnu11;
				GCC_DYNAMIC_NO_PIC = NO;
				GCC_NO_COMMON_BLOCKS = YES;
				GCC_OPTIMIZATION_LEVEL = 0;
				GCC_PREPROCESSOR_DEFINITIONS = (
					"DEBUG=1",
					"$(inherited)",
				);
				GCC_WARN_64_TO_32_BIT_CONVERSION = YES;
				GCC_WARN_ABOUT_RETURN_TYPE = YES_ERROR;
				GCC_WARN_UNDECLARED_SELECTOR = YES;
				GCC_WARN_UNINITIALIZED_AUTOS = YES_AGGRESSIVE;
				GCC_WARN_UNUSED_FUNCTION = YES;
				GCC_WARN_UNUSED_VARIABLE = YES;
				IPHONEOS_DEPLOYMENT_TARGET = 16.0;
				MTL_ENABLE_DEBUG_INFO = INCLUDE_SOURCE;
				MTL_FAST_MATH = YES;
				ONLY_ACTIVE_ARCH = YES;
				SDKROOT = iphoneos;
				SWIFT_ACTIVE_COMPILATION_CONDITIONS = DEBUG;
				SWIFT_OPTIMIZATION_LEVEL = "-Onone";
			};
			name = Debug;
		};
		8D9FE2D928E17E85006E0C13 /* Release */ = {
			isa = XCBuildConfiguration;
			buildSettings = {
				ALWAYS_SEARCH_USER_PATHS = NO;
				CLANG_ANALYZER_NONNULL = YES;
				CLANG_ANALYZER_NUMBER_OBJECT_CONVERSION = YES_AGGRESSIVE;
				CLANG_CXX_LANGUAGE_STANDARD = "gnu++20";
				CLANG_ENABLE_MODULES = YES;
				CLANG_ENABLE_OBJC_ARC = YES;
				CLANG_ENABLE_OBJC_WEAK = YES;
				CLANG_WARN_BLOCK_CAPTURE_AUTORELEASING = YES;
				CLANG_WARN_BOOL_CONVERSION = YES;
				CLANG_WARN_COMMA = YES;
				CLANG_WARN_CONSTANT_CONVERSION = YES;
				CLANG_WARN_DEPRECATED_OBJC_IMPLEMENTATIONS = YES;
				CLANG_WARN_DIRECT_OBJC_ISA_USAGE = YES_ERROR;
				CLANG_WARN_DOCUMENTATION_COMMENTS = YES;
				CLANG_WARN_EMPTY_BODY = YES;
				CLANG_WARN_ENUM_CONVERSION = YES;
				CLANG_WARN_INFINITE_RECURSION = YES;
				CLANG_WARN_INT_CONVERSION = YES;
				CLANG_WARN_NON_LITERAL_NULL_CONVERSION = YES;
				CLANG_WARN_OBJC_IMPLICIT_RETAIN_SELF = YES;
				CLANG_WARN_OBJC_LITERAL_CONVERSION = YES;
				CLANG_WARN_OBJC_ROOT_CLASS = YES_ERROR;
				CLANG_WARN_QUOTED_INCLUDE_IN_FRAMEWORK_HEADER = YES;
				CLANG_WARN_RANGE_LOOP_ANALYSIS = YES;
				CLANG_WARN_STRICT_PROTOTYPES = YES;
				CLANG_WARN_SUSPICIOUS_MOVE = YES;
				CLANG_WARN_UNGUARDED_AVAILABILITY = YES_AGGRESSIVE;
				CLANG_WARN_UNREACHABLE_CODE = YES;
				CLANG_WARN__DUPLICATE_METHOD_MATCH = YES;
				COPY_PHASE_STRIP = NO;
				DEBUG_INFORMATION_FORMAT = "dwarf-with-dsym";
				ENABLE_NS_ASSERTIONS = NO;
				ENABLE_STRICT_OBJC_MSGSEND = YES;
				GCC_C_LANGUAGE_STANDARD = gnu11;
				GCC_NO_COMMON_BLOCKS = YES;
				GCC_WARN_64_TO_32_BIT_CONVERSION = YES;
				GCC_WARN_ABOUT_RETURN_TYPE = YES_ERROR;
				GCC_WARN_UNDECLARED_SELECTOR = YES;
				GCC_WARN_UNINITIALIZED_AUTOS = YES_AGGRESSIVE;
				GCC_WARN_UNUSED_FUNCTION = YES;
				GCC_WARN_UNUSED_VARIABLE = YES;
				IPHONEOS_DEPLOYMENT_TARGET = 16.0;
				MTL_ENABLE_DEBUG_INFO = NO;
				MTL_FAST_MATH = YES;
				SDKROOT = iphoneos;
				SWIFT_COMPILATION_MODE = wholemodule;
				SWIFT_OPTIMIZATION_LEVEL = "-O";
				VALIDATE_PRODUCT = YES;
			};
			name = Release;
		};
		8D9FE2DB28E17E85006E0C13 /* Debug */ = {
			isa = XCBuildConfiguration;
			buildSettings = {
				ASSETCATALOG_COMPILER_APPICON_NAME = AppIcon;
				ASSETCATALOG_COMPILER_GLOBAL_ACCENT_COLOR_NAME = AccentColor;
				CODE_SIGN_STYLE = Automatic;
				CURRENT_PROJECT_VERSION = 1;
				DEVELOPMENT_TEAM = 79KM28R566;
				GENERATE_INFOPLIST_FILE = YES;
				INFOPLIST_FILE = TermsOfServiceView/Info.plist;
				INFOPLIST_KEY_UIApplicationSupportsIndirectInputEvents = YES;
				INFOPLIST_KEY_UILaunchStoryboardName = LaunchScreen;
				INFOPLIST_KEY_UIMainStoryboardFile = Main;
				INFOPLIST_KEY_UISupportedInterfaceOrientations_iPad = "UIInterfaceOrientationPortrait UIInterfaceOrientationPortraitUpsideDown UIInterfaceOrientationLandscapeLeft UIInterfaceOrientationLandscapeRight";
				INFOPLIST_KEY_UISupportedInterfaceOrientations_iPhone = "UIInterfaceOrientationPortrait UIInterfaceOrientationLandscapeLeft UIInterfaceOrientationLandscapeRight";
				LD_RUNPATH_SEARCH_PATHS = (
					"$(inherited)",
					"@executable_path/Frameworks",
				);
				MARKETING_VERSION = 1.0;
				PRODUCT_BUNDLE_IDENTIFIER = ruaProject.TermsOfServiceView;
				PRODUCT_NAME = "$(TARGET_NAME)";
				SWIFT_EMIT_LOC_STRINGS = YES;
				SWIFT_VERSION = 5.0;
				TARGETED_DEVICE_FAMILY = "1,2";
			};
			name = Debug;
		};
		8D9FE2DC28E17E85006E0C13 /* Release */ = {
			isa = XCBuildConfiguration;
			buildSettings = {
				ASSETCATALOG_COMPILER_APPICON_NAME = AppIcon;
				ASSETCATALOG_COMPILER_GLOBAL_ACCENT_COLOR_NAME = AccentColor;
				CODE_SIGN_STYLE = Automatic;
				CURRENT_PROJECT_VERSION = 1;
				DEVELOPMENT_TEAM = 79KM28R566;
				GENERATE_INFOPLIST_FILE = YES;
				INFOPLIST_FILE = TermsOfServiceView/Info.plist;
				INFOPLIST_KEY_UIApplicationSupportsIndirectInputEvents = YES;
				INFOPLIST_KEY_UILaunchStoryboardName = LaunchScreen;
				INFOPLIST_KEY_UIMainStoryboardFile = Main;
				INFOPLIST_KEY_UISupportedInterfaceOrientations_iPad = "UIInterfaceOrientationPortrait UIInterfaceOrientationPortraitUpsideDown UIInterfaceOrientationLandscapeLeft UIInterfaceOrientationLandscapeRight";
				INFOPLIST_KEY_UISupportedInterfaceOrientations_iPhone = "UIInterfaceOrientationPortrait UIInterfaceOrientationLandscapeLeft UIInterfaceOrientationLandscapeRight";
				LD_RUNPATH_SEARCH_PATHS = (
					"$(inherited)",
					"@executable_path/Frameworks",
				);
				MARKETING_VERSION = 1.0;
				PRODUCT_BUNDLE_IDENTIFIER = ruaProject.TermsOfServiceView;
				PRODUCT_NAME = "$(TARGET_NAME)";
				SWIFT_EMIT_LOC_STRINGS = YES;
				SWIFT_VERSION = 5.0;
				TARGETED_DEVICE_FAMILY = "1,2";
			};
			name = Release;
		};
		8D9FE2DE28E17E85006E0C13 /* Debug */ = {
			isa = XCBuildConfiguration;
			buildSettings = {
				ALWAYS_EMBED_SWIFT_STANDARD_LIBRARIES = YES;
				BUNDLE_LOADER = "$(TEST_HOST)";
				CODE_SIGN_STYLE = Automatic;
				CURRENT_PROJECT_VERSION = 1;
				DEVELOPMENT_TEAM = 79KM28R566;
				GENERATE_INFOPLIST_FILE = YES;
				IPHONEOS_DEPLOYMENT_TARGET = 16.0;
				MARKETING_VERSION = 1.0;
				PRODUCT_BUNDLE_IDENTIFIER = ruaProject.TermsOfServiceViewTests;
				PRODUCT_NAME = "$(TARGET_NAME)";
				SWIFT_EMIT_LOC_STRINGS = NO;
				SWIFT_VERSION = 5.0;
				TARGETED_DEVICE_FAMILY = "1,2";
				TEST_HOST = "$(BUILT_PRODUCTS_DIR)/TermsOfServiceView.app/$(BUNDLE_EXECUTABLE_FOLDER_PATH)/TermsOfServiceView";
			};
			name = Debug;
		};
		8D9FE2DF28E17E85006E0C13 /* Release */ = {
			isa = XCBuildConfiguration;
			buildSettings = {
				ALWAYS_EMBED_SWIFT_STANDARD_LIBRARIES = YES;
				BUNDLE_LOADER = "$(TEST_HOST)";
				CODE_SIGN_STYLE = Automatic;
				CURRENT_PROJECT_VERSION = 1;
				DEVELOPMENT_TEAM = 79KM28R566;
				GENERATE_INFOPLIST_FILE = YES;
				IPHONEOS_DEPLOYMENT_TARGET = 16.0;
				MARKETING_VERSION = 1.0;
				PRODUCT_BUNDLE_IDENTIFIER = ruaProject.TermsOfServiceViewTests;
				PRODUCT_NAME = "$(TARGET_NAME)";
				SWIFT_EMIT_LOC_STRINGS = NO;
				SWIFT_VERSION = 5.0;
				TARGETED_DEVICE_FAMILY = "1,2";
				TEST_HOST = "$(BUILT_PRODUCTS_DIR)/TermsOfServiceView.app/$(BUNDLE_EXECUTABLE_FOLDER_PATH)/TermsOfServiceView";
			};
			name = Release;
		};
		8D9FE2E128E17E85006E0C13 /* Debug */ = {
			isa = XCBuildConfiguration;
			buildSettings = {
				ALWAYS_EMBED_SWIFT_STANDARD_LIBRARIES = YES;
				CODE_SIGN_STYLE = Automatic;
				CURRENT_PROJECT_VERSION = 1;
				DEVELOPMENT_TEAM = 79KM28R566;
				GENERATE_INFOPLIST_FILE = YES;
				MARKETING_VERSION = 1.0;
				PRODUCT_BUNDLE_IDENTIFIER = ruaProject.TermsOfServiceViewUITests;
				PRODUCT_NAME = "$(TARGET_NAME)";
				SWIFT_EMIT_LOC_STRINGS = NO;
				SWIFT_VERSION = 5.0;
				TARGETED_DEVICE_FAMILY = "1,2";
				TEST_TARGET_NAME = TermsOfServiceView;
			};
			name = Debug;
		};
		8D9FE2E228E17E85006E0C13 /* Release */ = {
			isa = XCBuildConfiguration;
			buildSettings = {
				ALWAYS_EMBED_SWIFT_STANDARD_LIBRARIES = YES;
				CODE_SIGN_STYLE = Automatic;
				CURRENT_PROJECT_VERSION = 1;
				DEVELOPMENT_TEAM = 79KM28R566;
				GENERATE_INFOPLIST_FILE = YES;
				MARKETING_VERSION = 1.0;
				PRODUCT_BUNDLE_IDENTIFIER = ruaProject.TermsOfServiceViewUITests;
				PRODUCT_NAME = "$(TARGET_NAME)";
				SWIFT_EMIT_LOC_STRINGS = NO;
				SWIFT_VERSION = 5.0;
				TARGETED_DEVICE_FAMILY = "1,2";
				TEST_TARGET_NAME = TermsOfServiceView;
			};
			name = Release;
		};
/* End XCBuildConfiguration section */

/* Begin XCConfigurationList section */
		8D9FE2AB28E17E84006E0C13 /* Build configuration list for PBXProject "TermsOfServiceView" */ = {
			isa = XCConfigurationList;
			buildConfigurations = (
				8D9FE2D828E17E85006E0C13 /* Debug */,
				8D9FE2D928E17E85006E0C13 /* Release */,
			);
			defaultConfigurationIsVisible = 0;
			defaultConfigurationName = Release;
		};
		8D9FE2DA28E17E85006E0C13 /* Build configuration list for PBXNativeTarget "TermsOfServiceView" */ = {
			isa = XCConfigurationList;
			buildConfigurations = (
				8D9FE2DB28E17E85006E0C13 /* Debug */,
				8D9FE2DC28E17E85006E0C13 /* Release */,
			);
			defaultConfigurationIsVisible = 0;
			defaultConfigurationName = Release;
		};
		8D9FE2DD28E17E85006E0C13 /* Build configuration list for PBXNativeTarget "TermsOfServiceViewTests" */ = {
			isa = XCConfigurationList;
			buildConfigurations = (
				8D9FE2DE28E17E85006E0C13 /* Debug */,
				8D9FE2DF28E17E85006E0C13 /* Release */,
			);
			defaultConfigurationIsVisible = 0;
			defaultConfigurationName = Release;
		};
		8D9FE2E028E17E85006E0C13 /* Build configuration list for PBXNativeTarget "TermsOfServiceViewUITests" */ = {
			isa = XCConfigurationList;
			buildConfigurations = (
				8D9FE2E128E17E85006E0C13 /* Debug */,
				8D9FE2E228E17E85006E0C13 /* Release */,
			);
			defaultConfigurationIsVisible = 0;
			defaultConfigurationName = Release;
		};
/* End XCConfigurationList section */
	};
	rootObject = 8D9FE2A828E17E84006E0C13 /* Project object */;
}
